// !$*UTF8*$!
{
	archiveVersion = 1;
	classes = {
	};
	objectVersion = 56;
	objects = {

/* Begin PBXBuildFile section */
		50AA277128C3FE69002FFC3F /* AutoSpotoApp.swift in Sources */ = {isa = PBXBuildFile; fileRef = 50AA277028C3FE69002FFC3F /* AutoSpotoApp.swift */; };
		50AA277328C3FE69002FFC3F /* OnboardingContainerView.swift in Sources */ = {isa = PBXBuildFile; fileRef = 50AA277228C3FE69002FFC3F /* OnboardingContainerView.swift */; };
		50AA277528C3FE6A002FFC3F /* Assets.xcassets in Resources */ = {isa = PBXBuildFile; fileRef = 50AA277428C3FE6A002FFC3F /* Assets.xcassets */; };
		50CFCE2729896004009C3F4A /* GetStartedView.swift in Sources */ = {isa = PBXBuildFile; fileRef = 50CFCE2629896004009C3F4A /* GetStartedView.swift */; };
		50CFCE2929896983009C3F4A /* WhatIsAutoSpotoView.swift in Sources */ = {isa = PBXBuildFile; fileRef = 50CFCE2829896983009C3F4A /* WhatIsAutoSpotoView.swift */; };
		50CFCE2B29896C5D009C3F4A /* AnimationCompletionObserverModifier.swift in Sources */ = {isa = PBXBuildFile; fileRef = 50CFCE2A29896C5D009C3F4A /* AnimationCompletionObserverModifier.swift */; };
		50CFCE2E29896EF6009C3F4A /* AutoSpotoConstants+Dimensions.swift in Sources */ = {isa = PBXBuildFile; fileRef = 50CFCE2D29896EF6009C3F4A /* AutoSpotoConstants+Dimensions.swift */; };
		50D43F5E2985EAC9000DC525 /* CustomButtonStyle.swift in Sources */ = {isa = PBXBuildFile; fileRef = 50D43F5D2985EAC9000DC525 /* CustomButtonStyle.swift */; };
		50D43F602985EAD5000DC525 /* View.swift in Sources */ = {isa = PBXBuildFile; fileRef = 50D43F5F2985EAD5000DC525 /* View.swift */; };
		50DB07A62984B6A000BC5864 /* JosefinSansThin.ttf in Resources */ = {isa = PBXBuildFile; fileRef = 50DB079E2984B6A000BC5864 /* JosefinSansThin.ttf */; };
		50DB07A72984B6A000BC5864 /* JosefinSansRegular.ttf in Resources */ = {isa = PBXBuildFile; fileRef = 50DB079F2984B6A000BC5864 /* JosefinSansRegular.ttf */; };
		50DB07A82984B6A000BC5864 /* JosefinSansSemibold.ttf in Resources */ = {isa = PBXBuildFile; fileRef = 50DB07A02984B6A000BC5864 /* JosefinSansSemibold.ttf */; };
		50DB07A92984B6A000BC5864 /* JosefinSansBold.ttf in Resources */ = {isa = PBXBuildFile; fileRef = 50DB07A12984B6A000BC5864 /* JosefinSansBold.ttf */; };
		50DB07AA2984B6A000BC5864 /* JosefinSansLightItalic.ttf in Resources */ = {isa = PBXBuildFile; fileRef = 50DB07A22984B6A000BC5864 /* JosefinSansLightItalic.ttf */; };
		50DB07AB2984B6A000BC5864 /* JosefinSansBoldItalic.ttf in Resources */ = {isa = PBXBuildFile; fileRef = 50DB07A32984B6A000BC5864 /* JosefinSansBoldItalic.ttf */; };
		50DB07AC2984B6A000BC5864 /* JosefinSansThinItalic.ttf in Resources */ = {isa = PBXBuildFile; fileRef = 50DB07A42984B6A000BC5864 /* JosefinSansThinItalic.ttf */; };
		50DB07AD2984B6A000BC5864 /* JosefinSansLight.ttf in Resources */ = {isa = PBXBuildFile; fileRef = 50DB07A52984B6A000BC5864 /* JosefinSansLight.ttf */; };
		50F34C5D2976527D0059516B /* AutoSpotoConstants.swift in Sources */ = {isa = PBXBuildFile; fileRef = 50F34C5C2976527D0059516B /* AutoSpotoConstants.swift */; };
		50F34C5F297652DF0059516B /* AutoSpotoConstants+Strings.swift in Sources */ = {isa = PBXBuildFile; fileRef = 50F34C5E297652DF0059516B /* AutoSpotoConstants+Strings.swift */; };
		50F34C64297657DB0059516B /* Color.swift in Sources */ = {isa = PBXBuildFile; fileRef = 50F34C63297657DB0059516B /* Color.swift */; };
		50F34C66297659950059516B /* Colors.xcassets in Resources */ = {isa = PBXBuildFile; fileRef = 50F34C65297659950059516B /* Colors.xcassets */; };
		50F34C6829765DC00059516B /* Font.swift in Sources */ = {isa = PBXBuildFile; fileRef = 50F34C6729765DC00059516B /* Font.swift */; };
/* End PBXBuildFile section */

/* Begin PBXFileReference section */
		50AA276D28C3FE69002FFC3F /* AutoSpoto.app */ = {isa = PBXFileReference; explicitFileType = wrapper.application; includeInIndex = 0; path = AutoSpoto.app; sourceTree = BUILT_PRODUCTS_DIR; };
		50AA277028C3FE69002FFC3F /* AutoSpotoApp.swift */ = {isa = PBXFileReference; lastKnownFileType = sourcecode.swift; path = AutoSpotoApp.swift; sourceTree = "<group>"; };
		50AA277228C3FE69002FFC3F /* OnboardingContainerView.swift */ = {isa = PBXFileReference; lastKnownFileType = sourcecode.swift; path = OnboardingContainerView.swift; sourceTree = "<group>"; };
		50AA277428C3FE6A002FFC3F /* Assets.xcassets */ = {isa = PBXFileReference; lastKnownFileType = folder.assetcatalog; path = Assets.xcassets; sourceTree = "<group>"; };
		50AA277928C3FE6A002FFC3F /* AutoSpoto.entitlements */ = {isa = PBXFileReference; lastKnownFileType = text.plist.entitlements; path = AutoSpoto.entitlements; sourceTree = "<group>"; };
		50CFCE2629896004009C3F4A /* GetStartedView.swift */ = {isa = PBXFileReference; lastKnownFileType = sourcecode.swift; path = GetStartedView.swift; sourceTree = "<group>"; };
		50CFCE2829896983009C3F4A /* WhatIsAutoSpotoView.swift */ = {isa = PBXFileReference; lastKnownFileType = sourcecode.swift; path = WhatIsAutoSpotoView.swift; sourceTree = "<group>"; };
		50CFCE2A29896C5D009C3F4A /* AnimationCompletionObserverModifier.swift */ = {isa = PBXFileReference; lastKnownFileType = sourcecode.swift; path = AnimationCompletionObserverModifier.swift; sourceTree = "<group>"; };
		50CFCE2D29896EF6009C3F4A /* AutoSpotoConstants+Dimensions.swift */ = {isa = PBXFileReference; lastKnownFileType = sourcecode.swift; path = "AutoSpotoConstants+Dimensions.swift"; sourceTree = "<group>"; };
		50D43F5D2985EAC9000DC525 /* CustomButtonStyle.swift */ = {isa = PBXFileReference; lastKnownFileType = sourcecode.swift; path = CustomButtonStyle.swift; sourceTree = "<group>"; };
		50D43F5F2985EAD5000DC525 /* View.swift */ = {isa = PBXFileReference; lastKnownFileType = sourcecode.swift; path = View.swift; sourceTree = "<group>"; };
		50DB079E2984B6A000BC5864 /* JosefinSansThin.ttf */ = {isa = PBXFileReference; lastKnownFileType = file; path = JosefinSansThin.ttf; sourceTree = "<group>"; };
		50DB079F2984B6A000BC5864 /* JosefinSansRegular.ttf */ = {isa = PBXFileReference; lastKnownFileType = file; path = JosefinSansRegular.ttf; sourceTree = "<group>"; };
		50DB07A02984B6A000BC5864 /* JosefinSansSemibold.ttf */ = {isa = PBXFileReference; lastKnownFileType = file; path = JosefinSansSemibold.ttf; sourceTree = "<group>"; };
		50DB07A12984B6A000BC5864 /* JosefinSansBold.ttf */ = {isa = PBXFileReference; lastKnownFileType = file; path = JosefinSansBold.ttf; sourceTree = "<group>"; };
		50DB07A22984B6A000BC5864 /* JosefinSansLightItalic.ttf */ = {isa = PBXFileReference; lastKnownFileType = file; path = JosefinSansLightItalic.ttf; sourceTree = "<group>"; };
		50DB07A32984B6A000BC5864 /* JosefinSansBoldItalic.ttf */ = {isa = PBXFileReference; lastKnownFileType = file; path = JosefinSansBoldItalic.ttf; sourceTree = "<group>"; };
		50DB07A42984B6A000BC5864 /* JosefinSansThinItalic.ttf */ = {isa = PBXFileReference; lastKnownFileType = file; path = JosefinSansThinItalic.ttf; sourceTree = "<group>"; };
		50DB07A52984B6A000BC5864 /* JosefinSansLight.ttf */ = {isa = PBXFileReference; lastKnownFileType = file; path = JosefinSansLight.ttf; sourceTree = "<group>"; };
		50F34C5C2976527D0059516B /* AutoSpotoConstants.swift */ = {isa = PBXFileReference; lastKnownFileType = sourcecode.swift; path = AutoSpotoConstants.swift; sourceTree = "<group>"; };
		50F34C5E297652DF0059516B /* AutoSpotoConstants+Strings.swift */ = {isa = PBXFileReference; lastKnownFileType = sourcecode.swift; path = "AutoSpotoConstants+Strings.swift"; sourceTree = "<group>"; };
		50F34C63297657DB0059516B /* Color.swift */ = {isa = PBXFileReference; lastKnownFileType = sourcecode.swift; path = Color.swift; sourceTree = "<group>"; };
		50F34C65297659950059516B /* Colors.xcassets */ = {isa = PBXFileReference; lastKnownFileType = folder.assetcatalog; path = Colors.xcassets; sourceTree = "<group>"; };
		50F34C6729765DC00059516B /* Font.swift */ = {isa = PBXFileReference; lastKnownFileType = sourcecode.swift; path = Font.swift; sourceTree = "<group>"; };
		50F34C90297706270059516B /* Info.plist */ = {isa = PBXFileReference; lastKnownFileType = text.plist; path = Info.plist; sourceTree = "<group>"; };
/* End PBXFileReference section */

/* Begin PBXFrameworksBuildPhase section */
		50AA276A28C3FE69002FFC3F /* Frameworks */ = {
			isa = PBXFrameworksBuildPhase;
			buildActionMask = 2147483647;
			files = (
			);
			runOnlyForDeploymentPostprocessing = 0;
		};
/* End PBXFrameworksBuildPhase section */

/* Begin PBXGroup section */
		50AA276428C3FE69002FFC3F = {
			isa = PBXGroup;
			children = (
				50AA276F28C3FE69002FFC3F /* AutoSpoto */,
				50AA276E28C3FE69002FFC3F /* Products */,
			);
			sourceTree = "<group>";
		};
		50AA276E28C3FE69002FFC3F /* Products */ = {
			isa = PBXGroup;
			children = (
				50AA276D28C3FE69002FFC3F /* AutoSpoto.app */,
			);
			name = Products;
			sourceTree = "<group>";
		};
		50AA276F28C3FE69002FFC3F /* AutoSpoto */ = {
			isa = PBXGroup;
			children = (
				50F34C90297706270059516B /* Info.plist */,
				50AA277928C3FE6A002FFC3F /* AutoSpoto.entitlements */,
				50AA277028C3FE69002FFC3F /* AutoSpotoApp.swift */,
				50F34C62297657BF0059516B /* Extensions */,
				50F34C5B2976526C0059516B /* Supporting FIles */,
				50F34C8E297662A80059516B /* View */,
				50F34C8F297662B00059516B /* View Modifiers */,
			);
			path = AutoSpoto;
			sourceTree = "<group>";
		};
		50CFCE2C29896ED0009C3F4A /* AutoSpotoConstants */ = {
			isa = PBXGroup;
			children = (
				50F34C5C2976527D0059516B /* AutoSpotoConstants.swift */,
				50F34C5E297652DF0059516B /* AutoSpotoConstants+Strings.swift */,
				50CFCE2D29896EF6009C3F4A /* AutoSpotoConstants+Dimensions.swift */,
			);
			path = AutoSpotoConstants;
			sourceTree = "<group>";
		};
		50F34C5B2976526C0059516B /* Supporting FIles */ = {
			isa = PBXGroup;
			children = (
				50AA277428C3FE6A002FFC3F /* Assets.xcassets */,
				50F34C65297659950059516B /* Colors.xcassets */,
				50F34C692976611E0059516B /* Font */,
				50CFCE2C29896ED0009C3F4A /* AutoSpotoConstants */,
			);
			path = "Supporting FIles";
			sourceTree = "<group>";
		};
		50F34C62297657BF0059516B /* Extensions */ = {
			isa = PBXGroup;
			children = (
				50F34C63297657DB0059516B /* Color.swift */,
				50F34C6729765DC00059516B /* Font.swift */,
				50D43F5F2985EAD5000DC525 /* View.swift */,
			);
			path = Extensions;
			sourceTree = "<group>";
		};
		50F34C692976611E0059516B /* Font */ = {
			isa = PBXGroup;
			children = (
				50DB07A12984B6A000BC5864 /* JosefinSansBold.ttf */,
				50DB07A32984B6A000BC5864 /* JosefinSansBoldItalic.ttf */,
				50DB07A52984B6A000BC5864 /* JosefinSansLight.ttf */,
				50DB07A22984B6A000BC5864 /* JosefinSansLightItalic.ttf */,
				50DB079F2984B6A000BC5864 /* JosefinSansRegular.ttf */,
				50DB07A02984B6A000BC5864 /* JosefinSansSemibold.ttf */,
				50DB079E2984B6A000BC5864 /* JosefinSansThin.ttf */,
				50DB07A42984B6A000BC5864 /* JosefinSansThinItalic.ttf */,
			);
			path = Font;
			sourceTree = "<group>";
		};
		50F34C8E297662A80059516B /* View */ = {
			isa = PBXGroup;
			children = (
				50AA277228C3FE69002FFC3F /* OnboardingContainerView.swift */,
				50CFCE2629896004009C3F4A /* GetStartedView.swift */,
				50CFCE2829896983009C3F4A /* WhatIsAutoSpotoView.swift */,
			);
			path = View;
			sourceTree = "<group>";
		};
		50F34C8F297662B00059516B /* View Modifiers */ = {
			isa = PBXGroup;
			children = (
				50D43F5D2985EAC9000DC525 /* CustomButtonStyle.swift */,
				50CFCE2A29896C5D009C3F4A /* AnimationCompletionObserverModifier.swift */,
			);
			path = "View Modifiers";
			sourceTree = "<group>";
		};
/* End PBXGroup section */

/* Begin PBXNativeTarget section */
		50AA276C28C3FE69002FFC3F /* AutoSpoto */ = {
			isa = PBXNativeTarget;
			buildConfigurationList = 50AA277C28C3FE6A002FFC3F /* Build configuration list for PBXNativeTarget "AutoSpoto" */;
			buildPhases = (
				50AA276928C3FE69002FFC3F /* Sources */,
				50AA276A28C3FE69002FFC3F /* Frameworks */,
				50AA276B28C3FE69002FFC3F /* Resources */,
			);
			buildRules = (
			);
			dependencies = (
			);
			name = AutoSpoto;
			productName = AutoSpoto;
			productReference = 50AA276D28C3FE69002FFC3F /* AutoSpoto.app */;
			productType = "com.apple.product-type.application";
		};
/* End PBXNativeTarget section */

/* Begin PBXProject section */
		50AA276528C3FE69002FFC3F /* Project object */ = {
			isa = PBXProject;
			attributes = {
				BuildIndependentTargetsInParallel = 1;
				LastSwiftUpdateCheck = 1400;
				LastUpgradeCheck = 1400;
				TargetAttributes = {
					50AA276C28C3FE69002FFC3F = {
						CreatedOnToolsVersion = 14.0;
					};
				};
			};
			buildConfigurationList = 50AA276828C3FE69002FFC3F /* Build configuration list for PBXProject "AutoSpoto" */;
			compatibilityVersion = "Xcode 14.0";
			developmentRegion = en;
			hasScannedForEncodings = 0;
			knownRegions = (
				en,
				Base,
			);
			mainGroup = 50AA276428C3FE69002FFC3F;
			productRefGroup = 50AA276E28C3FE69002FFC3F /* Products */;
			projectDirPath = "";
			projectRoot = "";
			targets = (
				50AA276C28C3FE69002FFC3F /* AutoSpoto */,
			);
		};
/* End PBXProject section */

/* Begin PBXResourcesBuildPhase section */
		50AA276B28C3FE69002FFC3F /* Resources */ = {
			isa = PBXResourcesBuildPhase;
			buildActionMask = 2147483647;
			files = (
				50F34C66297659950059516B /* Colors.xcassets in Resources */,
				50DB07AA2984B6A000BC5864 /* JosefinSansLightItalic.ttf in Resources */,
				50DB07A82984B6A000BC5864 /* JosefinSansSemibold.ttf in Resources */,
				50AA277528C3FE6A002FFC3F /* Assets.xcassets in Resources */,
				50DB07A92984B6A000BC5864 /* JosefinSansBold.ttf in Resources */,
				50DB07AC2984B6A000BC5864 /* JosefinSansThinItalic.ttf in Resources */,
				50DB07A62984B6A000BC5864 /* JosefinSansThin.ttf in Resources */,
				50DB07AD2984B6A000BC5864 /* JosefinSansLight.ttf in Resources */,
				50DB07A72984B6A000BC5864 /* JosefinSansRegular.ttf in Resources */,
				50DB07AB2984B6A000BC5864 /* JosefinSansBoldItalic.ttf in Resources */,
			);
			runOnlyForDeploymentPostprocessing = 0;
		};
/* End PBXResourcesBuildPhase section */

/* Begin PBXSourcesBuildPhase section */
		50AA276928C3FE69002FFC3F /* Sources */ = {
			isa = PBXSourcesBuildPhase;
			buildActionMask = 2147483647;
			files = (
				50D43F602985EAD5000DC525 /* View.swift in Sources */,
				50F34C5D2976527D0059516B /* AutoSpotoConstants.swift in Sources */,
				50AA277328C3FE69002FFC3F /* OnboardingContainerView.swift in Sources */,
				50F34C6829765DC00059516B /* Font.swift in Sources */,
				50CFCE2729896004009C3F4A /* GetStartedView.swift in Sources */,
				50CFCE2B29896C5D009C3F4A /* AnimationCompletionObserverModifier.swift in Sources */,
				50F34C5F297652DF0059516B /* AutoSpotoConstants+Strings.swift in Sources */,
				50AA277128C3FE69002FFC3F /* AutoSpotoApp.swift in Sources */,
				50D43F5E2985EAC9000DC525 /* CustomButtonStyle.swift in Sources */,
				50CFCE2E29896EF6009C3F4A /* AutoSpotoConstants+Dimensions.swift in Sources */,
				50CFCE2929896983009C3F4A /* WhatIsAutoSpotoView.swift in Sources */,
				50F34C64297657DB0059516B /* Color.swift in Sources */,
			);
			runOnlyForDeploymentPostprocessing = 0;
		};
/* End PBXSourcesBuildPhase section */

/* Begin XCBuildConfiguration section */
		50AA277A28C3FE6A002FFC3F /* Debug */ = {
			isa = XCBuildConfiguration;
			buildSettings = {
				ALWAYS_SEARCH_USER_PATHS = NO;
				CLANG_ANALYZER_NONNULL = YES;
				CLANG_ANALYZER_NUMBER_OBJECT_CONVERSION = YES_AGGRESSIVE;
				CLANG_CXX_LANGUAGE_STANDARD = "gnu++20";
				CLANG_ENABLE_MODULES = YES;
				CLANG_ENABLE_OBJC_ARC = YES;
				CLANG_ENABLE_OBJC_WEAK = YES;
				CLANG_WARN_BLOCK_CAPTURE_AUTORELEASING = YES;
				CLANG_WARN_BOOL_CONVERSION = YES;
				CLANG_WARN_COMMA = YES;
				CLANG_WARN_CONSTANT_CONVERSION = YES;
				CLANG_WARN_DEPRECATED_OBJC_IMPLEMENTATIONS = YES;
				CLANG_WARN_DIRECT_OBJC_ISA_USAGE = YES_ERROR;
				CLANG_WARN_DOCUMENTATION_COMMENTS = YES;
				CLANG_WARN_EMPTY_BODY = YES;
				CLANG_WARN_ENUM_CONVERSION = YES;
				CLANG_WARN_INFINITE_RECURSION = YES;
				CLANG_WARN_INT_CONVERSION = YES;
				CLANG_WARN_NON_LITERAL_NULL_CONVERSION = YES;
				CLANG_WARN_OBJC_IMPLICIT_RETAIN_SELF = YES;
				CLANG_WARN_OBJC_LITERAL_CONVERSION = YES;
				CLANG_WARN_OBJC_ROOT_CLASS = YES_ERROR;
				CLANG_WARN_QUOTED_INCLUDE_IN_FRAMEWORK_HEADER = YES;
				CLANG_WARN_RANGE_LOOP_ANALYSIS = YES;
				CLANG_WARN_STRICT_PROTOTYPES = YES;
				CLANG_WARN_SUSPICIOUS_MOVE = YES;
				CLANG_WARN_UNGUARDED_AVAILABILITY = YES_AGGRESSIVE;
				CLANG_WARN_UNREACHABLE_CODE = YES;
				CLANG_WARN__DUPLICATE_METHOD_MATCH = YES;
				COPY_PHASE_STRIP = NO;
				DEBUG_INFORMATION_FORMAT = dwarf;
				ENABLE_STRICT_OBJC_MSGSEND = YES;
				ENABLE_TESTABILITY = YES;
				GCC_C_LANGUAGE_STANDARD = gnu11;
				GCC_DYNAMIC_NO_PIC = NO;
				GCC_NO_COMMON_BLOCKS = YES;
				GCC_OPTIMIZATION_LEVEL = 0;
				GCC_PREPROCESSOR_DEFINITIONS = (
					"DEBUG=1",
					"$(inherited)",
				);
				GCC_WARN_64_TO_32_BIT_CONVERSION = YES;
				GCC_WARN_ABOUT_RETURN_TYPE = YES_ERROR;
				GCC_WARN_UNDECLARED_SELECTOR = YES;
				GCC_WARN_UNINITIALIZED_AUTOS = YES_AGGRESSIVE;
				GCC_WARN_UNUSED_FUNCTION = YES;
				GCC_WARN_UNUSED_VARIABLE = YES;
				MACOSX_DEPLOYMENT_TARGET = 13.0;
				MTL_ENABLE_DEBUG_INFO = INCLUDE_SOURCE;
				MTL_FAST_MATH = YES;
				ONLY_ACTIVE_ARCH = YES;
				SDKROOT = macosx;
				SWIFT_ACTIVE_COMPILATION_CONDITIONS = DEBUG;
				SWIFT_OPTIMIZATION_LEVEL = "-Onone";
			};
			name = Debug;
		};
		50AA277B28C3FE6A002FFC3F /* Release */ = {
			isa = XCBuildConfiguration;
			buildSettings = {
				ALWAYS_SEARCH_USER_PATHS = NO;
				CLANG_ANALYZER_NONNULL = YES;
				CLANG_ANALYZER_NUMBER_OBJECT_CONVERSION = YES_AGGRESSIVE;
				CLANG_CXX_LANGUAGE_STANDARD = "gnu++20";
				CLANG_ENABLE_MODULES = YES;
				CLANG_ENABLE_OBJC_ARC = YES;
				CLANG_ENABLE_OBJC_WEAK = YES;
				CLANG_WARN_BLOCK_CAPTURE_AUTORELEASING = YES;
				CLANG_WARN_BOOL_CONVERSION = YES;
				CLANG_WARN_COMMA = YES;
				CLANG_WARN_CONSTANT_CONVERSION = YES;
				CLANG_WARN_DEPRECATED_OBJC_IMPLEMENTATIONS = YES;
				CLANG_WARN_DIRECT_OBJC_ISA_USAGE = YES_ERROR;
				CLANG_WARN_DOCUMENTATION_COMMENTS = YES;
				CLANG_WARN_EMPTY_BODY = YES;
				CLANG_WARN_ENUM_CONVERSION = YES;
				CLANG_WARN_INFINITE_RECURSION = YES;
				CLANG_WARN_INT_CONVERSION = YES;
				CLANG_WARN_NON_LITERAL_NULL_CONVERSION = YES;
				CLANG_WARN_OBJC_IMPLICIT_RETAIN_SELF = YES;
				CLANG_WARN_OBJC_LITERAL_CONVERSION = YES;
				CLANG_WARN_OBJC_ROOT_CLASS = YES_ERROR;
				CLANG_WARN_QUOTED_INCLUDE_IN_FRAMEWORK_HEADER = YES;
				CLANG_WARN_RANGE_LOOP_ANALYSIS = YES;
				CLANG_WARN_STRICT_PROTOTYPES = YES;
				CLANG_WARN_SUSPICIOUS_MOVE = YES;
				CLANG_WARN_UNGUARDED_AVAILABILITY = YES_AGGRESSIVE;
				CLANG_WARN_UNREACHABLE_CODE = YES;
				CLANG_WARN__DUPLICATE_METHOD_MATCH = YES;
				COPY_PHASE_STRIP = NO;
				DEBUG_INFORMATION_FORMAT = "dwarf-with-dsym";
				ENABLE_NS_ASSERTIONS = NO;
				ENABLE_STRICT_OBJC_MSGSEND = YES;
				GCC_C_LANGUAGE_STANDARD = gnu11;
				GCC_NO_COMMON_BLOCKS = YES;
				GCC_WARN_64_TO_32_BIT_CONVERSION = YES;
				GCC_WARN_ABOUT_RETURN_TYPE = YES_ERROR;
				GCC_WARN_UNDECLARED_SELECTOR = YES;
				GCC_WARN_UNINITIALIZED_AUTOS = YES_AGGRESSIVE;
				GCC_WARN_UNUSED_FUNCTION = YES;
				GCC_WARN_UNUSED_VARIABLE = YES;
				MACOSX_DEPLOYMENT_TARGET = 13.0;
				MTL_ENABLE_DEBUG_INFO = NO;
				MTL_FAST_MATH = YES;
				SDKROOT = macosx;
				SWIFT_COMPILATION_MODE = wholemodule;
				SWIFT_OPTIMIZATION_LEVEL = "-O";
			};
			name = Release;
		};
		50AA277D28C3FE6A002FFC3F /* Debug */ = {
			isa = XCBuildConfiguration;
			buildSettings = {
				ASSETCATALOG_COMPILER_APPICON_NAME = AppIcon;
				ASSETCATALOG_COMPILER_GLOBAL_ACCENT_COLOR_NAME = AccentColor;
				CODE_SIGN_ENTITLEMENTS = AutoSpoto/AutoSpoto.entitlements;
				CODE_SIGN_STYLE = Automatic;
				COMBINE_HIDPI_IMAGES = YES;
				CURRENT_PROJECT_VERSION = 1;
				DEVELOPMENT_ASSET_PATHS = "";
				DEVELOPMENT_TEAM = 8Q8ZUVJXW9;
				ENABLE_HARDENED_RUNTIME = YES;
				ENABLE_PREVIEWS = YES;
				GENERATE_INFOPLIST_FILE = YES;
				INFOPLIST_FILE = AutoSpoto/Info.plist;
				INFOPLIST_KEY_NSHumanReadableCopyright = "";
				LD_RUNPATH_SEARCH_PATHS = (
					"$(inherited)",
					"@executable_path/../Frameworks",
				);
				MARKETING_VERSION = 1.0;
				PRODUCT_BUNDLE_IDENTIFIER = com.martinmaly.AutoSpoto;
				PRODUCT_NAME = "$(TARGET_NAME)";
				SWIFT_EMIT_LOC_STRINGS = YES;
				SWIFT_VERSION = 5.0;
			};
			name = Debug;
		};
		50AA277E28C3FE6A002FFC3F /* Release */ = {
			isa = XCBuildConfiguration;
			buildSettings = {
				ASSETCATALOG_COMPILER_APPICON_NAME = AppIcon;
				ASSETCATALOG_COMPILER_GLOBAL_ACCENT_COLOR_NAME = AccentColor;
				CODE_SIGN_ENTITLEMENTS = AutoSpoto/AutoSpoto.entitlements;
				CODE_SIGN_STYLE = Automatic;
				COMBINE_HIDPI_IMAGES = YES;
				CURRENT_PROJECT_VERSION = 1;
				DEVELOPMENT_ASSET_PATHS = "";
				DEVELOPMENT_TEAM = 8Q8ZUVJXW9;
				ENABLE_HARDENED_RUNTIME = YES;
				ENABLE_PREVIEWS = YES;
				GENERATE_INFOPLIST_FILE = YES;
				INFOPLIST_FILE = AutoSpoto/Info.plist;
				INFOPLIST_KEY_NSHumanReadableCopyright = "";
				LD_RUNPATH_SEARCH_PATHS = (
					"$(inherited)",
					"@executable_path/../Frameworks",
				);
				MARKETING_VERSION = 1.0;
				PRODUCT_BUNDLE_IDENTIFIER = com.martinmaly.AutoSpoto;
				PRODUCT_NAME = "$(TARGET_NAME)";
				SWIFT_EMIT_LOC_STRINGS = YES;
				SWIFT_VERSION = 5.0;
			};
			name = Release;
		};
/* End XCBuildConfiguration section */

/* Begin XCConfigurationList section */
		50AA276828C3FE69002FFC3F /* Build configuration list for PBXProject "AutoSpoto" */ = {
			isa = XCConfigurationList;
			buildConfigurations = (
				50AA277A28C3FE6A002FFC3F /* Debug */,
				50AA277B28C3FE6A002FFC3F /* Release */,
			);
			defaultConfigurationIsVisible = 0;
			defaultConfigurationName = Release;
		};
		50AA277C28C3FE6A002FFC3F /* Build configuration list for PBXNativeTarget "AutoSpoto" */ = {
			isa = XCConfigurationList;
			buildConfigurations = (
				50AA277D28C3FE6A002FFC3F /* Debug */,
				50AA277E28C3FE6A002FFC3F /* Release */,
			);
			defaultConfigurationIsVisible = 0;
			defaultConfigurationName = Release;
		};
/* End XCConfigurationList section */
	};
	rootObject = 50AA276528C3FE69002FFC3F /* Project object */;
}
