// !$*UTF8*$!
{
	archiveVersion = 1;
	classes = {
	};
	objectVersion = 56;
	objects = {

/* Begin PBXBuildFile section */
		500215E32A57B64900978C20 /* ContactRow.swift in Sources */ = {isa = PBXBuildFile; fileRef = 500215E22A57B64900978C20 /* ContactRow.swift */; };
		500215E42A57E7BB00978C20 /* ContactRow.swift in Sources */ = {isa = PBXBuildFile; fileRef = 500215E22A57B64900978C20 /* ContactRow.swift */; };
		50283F5E2A501FF800E9121B /* Disk_Access_Coaching.mov in Resources */ = {isa = PBXBuildFile; fileRef = 50283F5D2A501FF700E9121B /* Disk_Access_Coaching.mov */; };
		50283F602A5033B900E9121B /* NSImage.swift in Sources */ = {isa = PBXBuildFile; fileRef = 50283F5F2A5033B900E9121B /* NSImage.swift */; };
		503BC2FE29B38DD400743ED5 /* PersonPictureView.swift in Sources */ = {isa = PBXBuildFile; fileRef = 503BC2FD29B38DD400743ED5 /* PersonPictureView.swift */; };
		503BC30129B3A83800743ED5 /* OnboardingButton.swift in Sources */ = {isa = PBXBuildFile; fileRef = 503BC30029B3A83800743ED5 /* OnboardingButton.swift */; };
		503BC30329B3ABAD00743ED5 /* CreatePlaylistButton.swift in Sources */ = {isa = PBXBuildFile; fileRef = 503BC30229B3ABAD00743ED5 /* CreatePlaylistButton.swift */; };
		504069802A55A9D400414D3D /* ChatSection.swift in Sources */ = {isa = PBXBuildFile; fileRef = 5040697F2A55A9D400414D3D /* ChatSection.swift */; };
		5048A23D2A38C17B00790C36 /* Shake.swift in Sources */ = {isa = PBXBuildFile; fileRef = 5048A23C2A38C17B00790C36 /* Shake.swift */; };
		5048A23F2A39AB9900790C36 /* DiskAccessManager.swift in Sources */ = {isa = PBXBuildFile; fileRef = 5048A23E2A39AB9900790C36 /* DiskAccessManager.swift */; };
		504C2EB82A24F93B00097F5F /* DatabaseManager.swift in Sources */ = {isa = PBXBuildFile; fileRef = 504C2EB72A24F93B00097F5F /* DatabaseManager.swift */; };
		504C2EBA2A25BA9700097F5F /* Configuration.swift in Sources */ = {isa = PBXBuildFile; fileRef = 504C2EB92A25BA9700097F5F /* Configuration.swift */; };
		504C2EBD2A25BC9500097F5F /* SQLite in Frameworks */ = {isa = PBXBuildFile; productRef = 504C2EBC2A25BC9500097F5F /* SQLite */; };
		50526EEE2A5E26A400844274 /* SpotifyTokenManager.swift in Sources */ = {isa = PBXBuildFile; fileRef = 92357DE22A582F6900B4CFB4 /* SpotifyTokenManager.swift */; };
		505DB2932A4ED6FF0092E600 /* Sparkle in Frameworks */ = {isa = PBXBuildFile; productRef = 505DB2922A4ED6FF0092E600 /* Sparkle */; };
		505DB2952A4ED74C0092E600 /* CheckForUpdatesViewModel.swift in Sources */ = {isa = PBXBuildFile; fileRef = 505DB2942A4ED74C0092E600 /* CheckForUpdatesViewModel.swift */; };
		505DB2972A4ED7860092E600 /* CheckForUpdatesView.swift in Sources */ = {isa = PBXBuildFile; fileRef = 505DB2962A4ED7860092E600 /* CheckForUpdatesView.swift */; };
		505DB29A2A4ED84A0092E600 /* UpdaterSettingsView.swift in Sources */ = {isa = PBXBuildFile; fileRef = 505DB2992A4ED84A0092E600 /* UpdaterSettingsView.swift */; };
		5069BF6629994BDF007F4037 /* Kingfisher in Frameworks */ = {isa = PBXBuildFile; productRef = 5069BF6529994BDF007F4037 /* Kingfisher */; };
		5069BF68299994BC007F4037 /* ChatType.swift in Sources */ = {isa = PBXBuildFile; fileRef = 5069BF67299994BC007F4037 /* ChatType.swift */; };
		5069BF6A29999504007F4037 /* FilterChatType.swift in Sources */ = {isa = PBXBuildFile; fileRef = 5069BF6929999504007F4037 /* FilterChatType.swift */; };
		5069BF6C2999AB2D007F4037 /* SpotifyLoginView.swift in Sources */ = {isa = PBXBuildFile; fileRef = 5069BF6B2999AB2D007F4037 /* SpotifyLoginView.swift */; };
		5069BF6F2999AC24007F4037 /* SpotifyWebView.swift in Sources */ = {isa = PBXBuildFile; fileRef = 5069BF6E2999AC24007F4037 /* SpotifyWebView.swift */; };
		5069BF732999C0A6007F4037 /* String.swift in Sources */ = {isa = PBXBuildFile; fileRef = 5069BF722999C0A6007F4037 /* String.swift */; };
		5069BF75299AA5D3007F4037 /* AutoSpotoContainerView.swift in Sources */ = {isa = PBXBuildFile; fileRef = 5069BF74299AA5D3007F4037 /* AutoSpotoContainerView.swift */; };
		506B34032A5EA764002938D3 /* JSONToken.swift in Sources */ = {isa = PBXBuildFile; fileRef = 506B34022A5EA764002938D3 /* JSONToken.swift */; };
		506B34052A5EB4AC002938D3 /* UpgradeToProButton.swift in Sources */ = {isa = PBXBuildFile; fileRef = 506B34042A5EB4AC002938D3 /* UpgradeToProButton.swift */; };
		506B34082A5FAD47002938D3 /* PhoneNumberKit in Frameworks */ = {isa = PBXBuildFile; productRef = 506B34072A5FAD47002938D3 /* PhoneNumberKit */; };
		506B340A2A5FAD8E002938D3 /* PhoneNumberManager.swift in Sources */ = {isa = PBXBuildFile; fileRef = 506B34092A5FAD8E002938D3 /* PhoneNumberManager.swift */; };
		509B08522A31A82100917AAC /* SpotifyManager.swift in Sources */ = {isa = PBXBuildFile; fileRef = 509B08512A31A82100917AAC /* SpotifyManager.swift */; };
		509B08542A31AD1400917AAC /* HTTPMethodType.swift in Sources */ = {isa = PBXBuildFile; fileRef = 509B08532A31AD1400917AAC /* HTTPMethodType.swift */; };
		509B08582A31B27500917AAC /* AutoSpotoConstants+KeyChain.swift in Sources */ = {isa = PBXBuildFile; fileRef = 509B08572A31B27500917AAC /* AutoSpotoConstants+KeyChain.swift */; };
		509B085A2A31B36B00917AAC /* SpotifyToken.swift in Sources */ = {isa = PBXBuildFile; fileRef = 509B08592A31B36B00917AAC /* SpotifyToken.swift */; };
		509B085C2A31B6CB00917AAC /* AutoSpotoConstants+HTTPHeaders.swift in Sources */ = {isa = PBXBuildFile; fileRef = 509B085B2A31B6CB00917AAC /* AutoSpotoConstants+HTTPHeaders.swift */; };
		509B085E2A31BB5800917AAC /* AutoSpotoConstants+HTTPParameter.swift in Sources */ = {isa = PBXBuildFile; fileRef = 509B085D2A31BB5800917AAC /* AutoSpotoConstants+HTTPParameter.swift */; };
		509B08602A31BC3E00917AAC /* AutoSpotoConstants+HTTPStatus.swift in Sources */ = {isa = PBXBuildFile; fileRef = 509B085F2A31BC3E00917AAC /* AutoSpotoConstants+HTTPStatus.swift */; };
		509B08622A31C31400917AAC /* AutoSpotoError.swift in Sources */ = {isa = PBXBuildFile; fileRef = 509B08612A31C31400917AAC /* AutoSpotoError.swift */; };
		509B08642A31FEDF00917AAC /* UserDefaultsManager.swift in Sources */ = {isa = PBXBuildFile; fileRef = 509B08632A31FEDF00917AAC /* UserDefaultsManager.swift */; };
		509B08662A31FF1A00917AAC /* AutoSpotoConstants+UserDefaults.swift in Sources */ = {isa = PBXBuildFile; fileRef = 509B08652A31FF1A00917AAC /* AutoSpotoConstants+UserDefaults.swift */; };
		509B086B2A32108A00917AAC /* SpotifyUser.swift in Sources */ = {isa = PBXBuildFile; fileRef = 509B086A2A32108A00917AAC /* SpotifyUser.swift */; };
		509B086D2A32183300917AAC /* DatabaseManager+ExtractSpotifyTracksWithNoMetadata.swift in Sources */ = {isa = PBXBuildFile; fileRef = 509B086C2A32183300917AAC /* DatabaseManager+ExtractSpotifyTracksWithNoMetadata.swift */; };
		509B08712A32F1FD00917AAC /* Array.swift in Sources */ = {isa = PBXBuildFile; fileRef = 509B08702A32F1FD00917AAC /* Array.swift */; };
		50A6922D2A371B6500E87BA2 /* CreateButton.swift in Sources */ = {isa = PBXBuildFile; fileRef = 50A6922C2A371B6500E87BA2 /* CreateButton.swift */; };
		50A6922F2A371B6F00E87BA2 /* CancelButton.swift in Sources */ = {isa = PBXBuildFile; fileRef = 50A6922E2A371B6F00E87BA2 /* CancelButton.swift */; };
		50A692312A371B7900E87BA2 /* DoneButton.swift in Sources */ = {isa = PBXBuildFile; fileRef = 50A692302A371B7900E87BA2 /* DoneButton.swift */; };
		50A9864D2A695B67001C6FBD /* com.autospoto.app.playlistupdater.plist in Resources */ = {isa = PBXBuildFile; fileRef = 50A9864C2A695B67001C6FBD /* com.autospoto.app.playlistupdater.plist */; };
		50A9864F2A695BAB001C6FBD /* com.autospoto.app.playlistupdater.plist in CopyFiles */ = {isa = PBXBuildFile; fileRef = 50A9864C2A695B67001C6FBD /* com.autospoto.app.playlistupdater.plist */; };
		50A986512A695EBE001C6FBD /* AutoSpoto-PlaylistUpdater in Resources */ = {isa = PBXBuildFile; fileRef = 50A986502A695EBE001C6FBD /* AutoSpoto-PlaylistUpdater */; };
		50AA277128C3FE69002FFC3F /* AutoSpotoApp.swift in Sources */ = {isa = PBXBuildFile; fileRef = 50AA277028C3FE69002FFC3F /* AutoSpotoApp.swift */; };
		50AA277328C3FE69002FFC3F /* OnboardingContainerView.swift in Sources */ = {isa = PBXBuildFile; fileRef = 50AA277228C3FE69002FFC3F /* OnboardingContainerView.swift */; };
		50AA277528C3FE6A002FFC3F /* Assets.xcassets in Resources */ = {isa = PBXBuildFile; fileRef = 50AA277428C3FE6A002FFC3F /* Assets.xcassets */; };
		50AC59932A468D6100E473CF /* FirebaseAnalytics in Frameworks */ = {isa = PBXBuildFile; productRef = 50AC59922A468D6100E473CF /* FirebaseAnalytics */; };
		50AC59952A468D6100E473CF /* FirebaseCrashlytics in Frameworks */ = {isa = PBXBuildFile; productRef = 50AC59942A468D6100E473CF /* FirebaseCrashlytics */; };
		50AC59992A468F5800E473CF /* AppDelegate.swift in Sources */ = {isa = PBXBuildFile; fileRef = 50AC59982A468F5800E473CF /* AppDelegate.swift */; };
		50ACE0342A61052700DE0344 /* ChatTypeFilter.swift in Sources */ = {isa = PBXBuildFile; fileRef = 50ACE0332A61052700DE0344 /* ChatTypeFilter.swift */; };
		50ACE0372A61056800DE0344 /* ChatTypeFilterToggle.swift in Sources */ = {isa = PBXBuildFile; fileRef = 50ACE0362A61056800DE0344 /* ChatTypeFilterToggle.swift */; };
		50ACE0392A610A8F00DE0344 /* ChatTypeFilterToggleStyle.swift in Sources */ = {isa = PBXBuildFile; fileRef = 50ACE0382A610A8F00DE0344 /* ChatTypeFilterToggleStyle.swift */; };
		50ACE03B2A6133C700DE0344 /* JSONToken.swift in Sources */ = {isa = PBXBuildFile; fileRef = 506B34022A5EA764002938D3 /* JSONToken.swift */; };
		50ACE0412A61366000DE0344 /* SpotifyManager+App.swift in Sources */ = {isa = PBXBuildFile; fileRef = 50ACE0402A61366000DE0344 /* SpotifyManager+App.swift */; };
		50ACE0432A6136FA00DE0344 /* DataBaseManager+App.swift in Sources */ = {isa = PBXBuildFile; fileRef = 50ACE0422A6136FA00DE0344 /* DataBaseManager+App.swift */; };
		50B19564299B4711002E7F65 /* IndividualChatCodable.swift in Sources */ = {isa = PBXBuildFile; fileRef = 50B19563299B4711002E7F65 /* IndividualChatCodable.swift */; };
		50B19566299B471A002E7F65 /* GroupChatCodable.swift in Sources */ = {isa = PBXBuildFile; fileRef = 50B19565299B471A002E7F65 /* GroupChatCodable.swift */; };
		50B19568299B4A6D002E7F65 /* SpotifyTracksResponse.swift in Sources */ = {isa = PBXBuildFile; fileRef = 50B19567299B4A6D002E7F65 /* SpotifyTracksResponse.swift */; };
		50B20D742A386A6F00212CE4 /* AutoSpotoDiskAccessRequestCell.swift in Sources */ = {isa = PBXBuildFile; fileRef = 50B20D732A386A6F00212CE4 /* AutoSpotoDiskAccessRequestCell.swift */; };
		50B20D762A386A7800212CE4 /* SpotifyAccessRequestCell.swift in Sources */ = {isa = PBXBuildFile; fileRef = 50B20D752A386A7800212CE4 /* SpotifyAccessRequestCell.swift */; };
		50B20D862A38BA4800212CE4 /* AVPlayerView.swift in Sources */ = {isa = PBXBuildFile; fileRef = 50B20D852A38BA4800212CE4 /* AVPlayerView.swift */; };
		50C0F97F2A6154CB008E6743 /* Playlist_Updater_Coaching.mov in Resources */ = {isa = PBXBuildFile; fileRef = 50C0F97E2A6154CB008E6743 /* Playlist_Updater_Coaching.mov */; };
		50C1790C29980ED8009CD58F /* Track.swift in Sources */ = {isa = PBXBuildFile; fileRef = 50C1790B29980ED8009CD58F /* Track.swift */; };
		50C1790E2998AD4C009CD58F /* CreatePlaylistView.swift in Sources */ = {isa = PBXBuildFile; fileRef = 50C1790D2998AD4C009CD58F /* CreatePlaylistView.swift */; };
		50CFCE2729896004009C3F4A /* GetStartedView.swift in Sources */ = {isa = PBXBuildFile; fileRef = 50CFCE2629896004009C3F4A /* GetStartedView.swift */; };
		50CFCE2929896983009C3F4A /* PermissionsRequestView.swift in Sources */ = {isa = PBXBuildFile; fileRef = 50CFCE2829896983009C3F4A /* PermissionsRequestView.swift */; };
		50CFCE2B29896C5D009C3F4A /* AnimationCompletionObserverModifier.swift in Sources */ = {isa = PBXBuildFile; fileRef = 50CFCE2A29896C5D009C3F4A /* AnimationCompletionObserverModifier.swift */; };
		50CFCE2E29896EF6009C3F4A /* AutoSpotoConstants+Dimensions.swift in Sources */ = {isa = PBXBuildFile; fileRef = 50CFCE2D29896EF6009C3F4A /* AutoSpotoConstants+Dimensions.swift */; };
		50CFCE302989D896009C3F4A /* AutoSpotoConstants+URL.swift in Sources */ = {isa = PBXBuildFile; fileRef = 50CFCE2F2989D896009C3F4A /* AutoSpotoConstants+URL.swift */; };
		50CFCE322989DABA009C3F4A /* ChooseMusicStreamingServiceView.swift in Sources */ = {isa = PBXBuildFile; fileRef = 50CFCE312989DABA009C3F4A /* ChooseMusicStreamingServiceView.swift */; };
		50D0261D2A38BC9500DBD789 /* AVLooperPlayer.swift in Sources */ = {isa = PBXBuildFile; fileRef = 50D0261C2A38BC9500DBD789 /* AVLooperPlayer.swift */; };
		50D43F602985EAD5000DC525 /* View.swift in Sources */ = {isa = PBXBuildFile; fileRef = 50D43F5F2985EAD5000DC525 /* View.swift */; };
		50DB07A62984B6A000BC5864 /* JosefinSansThin.ttf in Resources */ = {isa = PBXBuildFile; fileRef = 50DB079E2984B6A000BC5864 /* JosefinSansThin.ttf */; };
		50DB07A72984B6A000BC5864 /* JosefinSansRegular.ttf in Resources */ = {isa = PBXBuildFile; fileRef = 50DB079F2984B6A000BC5864 /* JosefinSansRegular.ttf */; };
		50DB07A82984B6A000BC5864 /* JosefinSansSemibold.ttf in Resources */ = {isa = PBXBuildFile; fileRef = 50DB07A02984B6A000BC5864 /* JosefinSansSemibold.ttf */; };
		50DB07A92984B6A000BC5864 /* JosefinSansBold.ttf in Resources */ = {isa = PBXBuildFile; fileRef = 50DB07A12984B6A000BC5864 /* JosefinSansBold.ttf */; };
		50DB07AA2984B6A000BC5864 /* JosefinSansLightItalic.ttf in Resources */ = {isa = PBXBuildFile; fileRef = 50DB07A22984B6A000BC5864 /* JosefinSansLightItalic.ttf */; };
		50DB07AB2984B6A000BC5864 /* JosefinSansBoldItalic.ttf in Resources */ = {isa = PBXBuildFile; fileRef = 50DB07A32984B6A000BC5864 /* JosefinSansBoldItalic.ttf */; };
		50DB07AC2984B6A000BC5864 /* JosefinSansThinItalic.ttf in Resources */ = {isa = PBXBuildFile; fileRef = 50DB07A42984B6A000BC5864 /* JosefinSansThinItalic.ttf */; };
		50DB07AD2984B6A000BC5864 /* JosefinSansLight.ttf in Resources */ = {isa = PBXBuildFile; fileRef = 50DB07A52984B6A000BC5864 /* JosefinSansLight.ttf */; };
		50F178932995EAFF002AFC1C /* HomeContainerView.swift in Sources */ = {isa = PBXBuildFile; fileRef = 50F178922995EAFF002AFC1C /* HomeContainerView.swift */; };
		50F178952995ECEB002AFC1C /* ChatsListView.swift in Sources */ = {isa = PBXBuildFile; fileRef = 50F178942995ECEB002AFC1C /* ChatsListView.swift */; };
		50F178982995ED11002AFC1C /* ChatView.swift in Sources */ = {isa = PBXBuildFile; fileRef = 50F178972995ED11002AFC1C /* ChatView.swift */; };
		50F1789B2995EE0B002AFC1C /* Chat.swift in Sources */ = {isa = PBXBuildFile; fileRef = 50F1789A2995EE0B002AFC1C /* Chat.swift */; };
		50F1789E2995F092002AFC1C /* HomeViewModel.swift in Sources */ = {isa = PBXBuildFile; fileRef = 50F1789D2995F092002AFC1C /* HomeViewModel.swift */; };
		50F178A02995F441002AFC1C /* ChatRow.swift in Sources */ = {isa = PBXBuildFile; fileRef = 50F1789F2995F441002AFC1C /* ChatRow.swift */; };
		50F178A62995FA0F002AFC1C /* Introspect in Frameworks */ = {isa = PBXBuildFile; productRef = 50F178A52995FA0F002AFC1C /* Introspect */; };
		50F178A829960B40002AFC1C /* TrackRow.swift in Sources */ = {isa = PBXBuildFile; fileRef = 50F178A729960B40002AFC1C /* TrackRow.swift */; };
		50F34C5D2976527D0059516B /* AutoSpotoConstants.swift in Sources */ = {isa = PBXBuildFile; fileRef = 50F34C5C2976527D0059516B /* AutoSpotoConstants.swift */; };
		50F34C5F297652DF0059516B /* AutoSpotoConstants+Strings.swift in Sources */ = {isa = PBXBuildFile; fileRef = 50F34C5E297652DF0059516B /* AutoSpotoConstants+Strings.swift */; };
		50F34C64297657DB0059516B /* Color.swift in Sources */ = {isa = PBXBuildFile; fileRef = 50F34C63297657DB0059516B /* Color.swift */; };
		50F34C66297659950059516B /* Colors.xcassets in Resources */ = {isa = PBXBuildFile; fileRef = 50F34C65297659950059516B /* Colors.xcassets */; };
		50F34C6829765DC00059516B /* Font.swift in Sources */ = {isa = PBXBuildFile; fileRef = 50F34C6729765DC00059516B /* Font.swift */; };
		50F4A3C42A5010F0002C19EF /* GoogleService-Info.plist in Resources */ = {isa = PBXBuildFile; fileRef = 50F4A3C32A5010F0002C19EF /* GoogleService-Info.plist */; };
		50F9339429C4DFC1004D0B0F /* AutoSpotoConstants+Regex.swift in Sources */ = {isa = PBXBuildFile; fileRef = 50F9339329C4DFC1004D0B0F /* AutoSpotoConstants+Regex.swift */; };
		50FB02DD2A34756200D2CEB7 /* AutoSpotoConstants+Limits.swift in Sources */ = {isa = PBXBuildFile; fileRef = 50FB02DC2A34756200D2CEB7 /* AutoSpotoConstants+Limits.swift */; };
		50FB02DF2A34870600D2CEB7 /* SpotifyPlaylist.swift in Sources */ = {isa = PBXBuildFile; fileRef = 50FB02DE2A34870600D2CEB7 /* SpotifyPlaylist.swift */; };
		50FB02E12A34BBDC00D2CEB7 /* PlaylistSummaryView.swift in Sources */ = {isa = PBXBuildFile; fileRef = 50FB02E02A34BBDC00D2CEB7 /* PlaylistSummaryView.swift */; };
		50FB02E52A35A49600D2CEB7 /* SyncButton.swift in Sources */ = {isa = PBXBuildFile; fileRef = 50FB02E42A35A49600D2CEB7 /* SyncButton.swift */; };
		920B21FD2A564AD000904CDD /* NSImage.swift in Sources */ = {isa = PBXBuildFile; fileRef = 50283F5F2A5033B900E9121B /* NSImage.swift */; };
		92357DE32A582F6900B4CFB4 /* SpotifyTokenManager.swift in Sources */ = {isa = PBXBuildFile; fileRef = 92357DE22A582F6900B4CFB4 /* SpotifyTokenManager.swift */; };
		92F554B32A55E25A006E1CAA /* main.swift in Sources */ = {isa = PBXBuildFile; fileRef = 92F554B22A55E25A006E1CAA /* main.swift */; };
		92F554B72A55E39F006E1CAA /* DatabaseManager.swift in Sources */ = {isa = PBXBuildFile; fileRef = 504C2EB72A24F93B00097F5F /* DatabaseManager.swift */; };
		92F554B82A55E39F006E1CAA /* SpotifyManager.swift in Sources */ = {isa = PBXBuildFile; fileRef = 509B08512A31A82100917AAC /* SpotifyManager.swift */; };
		92F554BA2A55E39F006E1CAA /* UserDefaultsManager.swift in Sources */ = {isa = PBXBuildFile; fileRef = 509B08632A31FEDF00917AAC /* UserDefaultsManager.swift */; };
		92F554BB2A55E39F006E1CAA /* DatabaseManager+ExtractSpotifyTracksWithNoMetadata.swift in Sources */ = {isa = PBXBuildFile; fileRef = 509B086C2A32183300917AAC /* DatabaseManager+ExtractSpotifyTracksWithNoMetadata.swift */; };
		92F554BC2A55E39F006E1CAA /* DiskAccessManager.swift in Sources */ = {isa = PBXBuildFile; fileRef = 5048A23E2A39AB9900790C36 /* DiskAccessManager.swift */; };
		92F554BD2A55E39F006E1CAA /* (null) in Sources */ = {isa = PBXBuildFile; };
		92F554BE2A55E39F006E1CAA /* String.swift in Sources */ = {isa = PBXBuildFile; fileRef = 5069BF722999C0A6007F4037 /* String.swift */; };
		92F554BF2A55E39F006E1CAA /* Array.swift in Sources */ = {isa = PBXBuildFile; fileRef = 509B08702A32F1FD00917AAC /* Array.swift */; };
		92F554C02A55E39F006E1CAA /* AutoSpotoConstants.swift in Sources */ = {isa = PBXBuildFile; fileRef = 50F34C5C2976527D0059516B /* AutoSpotoConstants.swift */; };
		92F554C12A55E39F006E1CAA /* AutoSpotoConstants+Strings.swift in Sources */ = {isa = PBXBuildFile; fileRef = 50F34C5E297652DF0059516B /* AutoSpotoConstants+Strings.swift */; };
		92F554C22A55E39F006E1CAA /* AutoSpotoConstants+Dimensions.swift in Sources */ = {isa = PBXBuildFile; fileRef = 50CFCE2D29896EF6009C3F4A /* AutoSpotoConstants+Dimensions.swift */; };
		92F554C32A55E39F006E1CAA /* AutoSpotoConstants+URL.swift in Sources */ = {isa = PBXBuildFile; fileRef = 50CFCE2F2989D896009C3F4A /* AutoSpotoConstants+URL.swift */; };
		92F554C42A55E39F006E1CAA /* AutoSpotoConstants+Regex.swift in Sources */ = {isa = PBXBuildFile; fileRef = 50F9339329C4DFC1004D0B0F /* AutoSpotoConstants+Regex.swift */; };
		92F554C52A55E39F006E1CAA /* AutoSpotoConstants+KeyChain.swift in Sources */ = {isa = PBXBuildFile; fileRef = 509B08572A31B27500917AAC /* AutoSpotoConstants+KeyChain.swift */; };
		92F554C62A55E39F006E1CAA /* AutoSpotoConstants+HTTPHeaders.swift in Sources */ = {isa = PBXBuildFile; fileRef = 509B085B2A31B6CB00917AAC /* AutoSpotoConstants+HTTPHeaders.swift */; };
		92F554C72A55E39F006E1CAA /* AutoSpotoConstants+HTTPParameter.swift in Sources */ = {isa = PBXBuildFile; fileRef = 509B085D2A31BB5800917AAC /* AutoSpotoConstants+HTTPParameter.swift */; };
		92F554C82A55E39F006E1CAA /* AutoSpotoConstants+HTTPStatus.swift in Sources */ = {isa = PBXBuildFile; fileRef = 509B085F2A31BC3E00917AAC /* AutoSpotoConstants+HTTPStatus.swift */; };
		92F554C92A55E39F006E1CAA /* AutoSpotoConstants+UserDefaults.swift in Sources */ = {isa = PBXBuildFile; fileRef = 509B08652A31FF1A00917AAC /* AutoSpotoConstants+UserDefaults.swift */; };
		92F554CA2A55E39F006E1CAA /* AutoSpotoConstants+Limits.swift in Sources */ = {isa = PBXBuildFile; fileRef = 50FB02DC2A34756200D2CEB7 /* AutoSpotoConstants+Limits.swift */; };
		92F554CB2A55E39F006E1CAA /* SpotifyToken.swift in Sources */ = {isa = PBXBuildFile; fileRef = 509B08592A31B36B00917AAC /* SpotifyToken.swift */; };
		92F554CD2A55E39F006E1CAA /* IndividualChatCodable.swift in Sources */ = {isa = PBXBuildFile; fileRef = 50B19563299B4711002E7F65 /* IndividualChatCodable.swift */; };
		92F554CE2A55E39F006E1CAA /* GroupChatCodable.swift in Sources */ = {isa = PBXBuildFile; fileRef = 50B19565299B471A002E7F65 /* GroupChatCodable.swift */; };
		92F554CF2A55E39F006E1CAA /* SpotifyTracksResponse.swift in Sources */ = {isa = PBXBuildFile; fileRef = 50B19567299B4A6D002E7F65 /* SpotifyTracksResponse.swift */; };
		92F554D02A55E39F006E1CAA /* SpotifyUser.swift in Sources */ = {isa = PBXBuildFile; fileRef = 509B086A2A32108A00917AAC /* SpotifyUser.swift */; };
		92F554D12A55E39F006E1CAA /* SpotifyPlaylist.swift in Sources */ = {isa = PBXBuildFile; fileRef = 50FB02DE2A34870600D2CEB7 /* SpotifyPlaylist.swift */; };
		92F554D32A55E39F006E1CAA /* Track.swift in Sources */ = {isa = PBXBuildFile; fileRef = 50C1790B29980ED8009CD58F /* Track.swift */; };
		92F554D42A55E39F006E1CAA /* ChatType.swift in Sources */ = {isa = PBXBuildFile; fileRef = 5069BF67299994BC007F4037 /* ChatType.swift */; };
		92F554D52A55E39F006E1CAA /* FilterChatType.swift in Sources */ = {isa = PBXBuildFile; fileRef = 5069BF6929999504007F4037 /* FilterChatType.swift */; };
		92F554D62A55E39F006E1CAA /* HTTPMethodType.swift in Sources */ = {isa = PBXBuildFile; fileRef = 509B08532A31AD1400917AAC /* HTTPMethodType.swift */; };
		92F554D72A55E39F006E1CAA /* AutoSpotoError.swift in Sources */ = {isa = PBXBuildFile; fileRef = 509B08612A31C31400917AAC /* AutoSpotoError.swift */; };
		92F554D82A55E3CF006E1CAA /* Configuration.swift in Sources */ = {isa = PBXBuildFile; fileRef = 504C2EB92A25BA9700097F5F /* Configuration.swift */; };
		92F554DA2A55E3DB006E1CAA /* SQLite in Frameworks */ = {isa = PBXBuildFile; productRef = 92F554D92A55E3DB006E1CAA /* SQLite */; };
/* End PBXBuildFile section */

/* Begin PBXCopyFilesBuildPhase section */
		50A9864E2A695B86001C6FBD /* CopyFiles */ = {
			isa = PBXCopyFilesBuildPhase;
			buildActionMask = 2147483647;
			dstPath = Contents/Library/LaunchAgents;
			dstSubfolderSpec = 7;
			files = (
				50A9864F2A695BAB001C6FBD /* com.autospoto.app.playlistupdater.plist in CopyFiles */,
			);
			runOnlyForDeploymentPostprocessing = 0;
		};
		92F554AE2A55E25A006E1CAA /* CopyFiles */ = {
			isa = PBXCopyFilesBuildPhase;
			buildActionMask = 2147483647;
			dstPath = /usr/share/man/man1/;
			dstSubfolderSpec = 0;
			files = (
			);
			runOnlyForDeploymentPostprocessing = 1;
		};
/* End PBXCopyFilesBuildPhase section */

/* Begin PBXFileReference section */
		500215E22A57B64900978C20 /* ContactRow.swift */ = {isa = PBXFileReference; lastKnownFileType = sourcecode.swift; path = ContactRow.swift; sourceTree = "<group>"; };
		50283F5D2A501FF700E9121B /* Disk_Access_Coaching.mov */ = {isa = PBXFileReference; lastKnownFileType = video.quicktime; path = Disk_Access_Coaching.mov; sourceTree = "<group>"; };
		50283F5F2A5033B900E9121B /* NSImage.swift */ = {isa = PBXFileReference; lastKnownFileType = sourcecode.swift; path = NSImage.swift; sourceTree = "<group>"; };
		503BC2FD29B38DD400743ED5 /* PersonPictureView.swift */ = {isa = PBXFileReference; lastKnownFileType = sourcecode.swift; path = PersonPictureView.swift; sourceTree = "<group>"; };
		503BC30029B3A83800743ED5 /* OnboardingButton.swift */ = {isa = PBXFileReference; lastKnownFileType = sourcecode.swift; path = OnboardingButton.swift; sourceTree = "<group>"; };
		503BC30229B3ABAD00743ED5 /* CreatePlaylistButton.swift */ = {isa = PBXFileReference; lastKnownFileType = sourcecode.swift; path = CreatePlaylistButton.swift; sourceTree = "<group>"; };
		5040697F2A55A9D400414D3D /* ChatSection.swift */ = {isa = PBXFileReference; lastKnownFileType = sourcecode.swift; path = ChatSection.swift; sourceTree = "<group>"; };
		5048A23C2A38C17B00790C36 /* Shake.swift */ = {isa = PBXFileReference; lastKnownFileType = sourcecode.swift; path = Shake.swift; sourceTree = "<group>"; };
		5048A23E2A39AB9900790C36 /* DiskAccessManager.swift */ = {isa = PBXFileReference; lastKnownFileType = sourcecode.swift; path = DiskAccessManager.swift; sourceTree = "<group>"; };
		504C2EB72A24F93B00097F5F /* DatabaseManager.swift */ = {isa = PBXFileReference; lastKnownFileType = sourcecode.swift; path = DatabaseManager.swift; sourceTree = "<group>"; };
		504C2EB92A25BA9700097F5F /* Configuration.swift */ = {isa = PBXFileReference; lastKnownFileType = sourcecode.swift; path = Configuration.swift; sourceTree = "<group>"; };
		505DB2942A4ED74C0092E600 /* CheckForUpdatesViewModel.swift */ = {isa = PBXFileReference; lastKnownFileType = sourcecode.swift; path = CheckForUpdatesViewModel.swift; sourceTree = "<group>"; };
		505DB2962A4ED7860092E600 /* CheckForUpdatesView.swift */ = {isa = PBXFileReference; lastKnownFileType = sourcecode.swift; path = CheckForUpdatesView.swift; sourceTree = "<group>"; };
		505DB2992A4ED84A0092E600 /* UpdaterSettingsView.swift */ = {isa = PBXFileReference; lastKnownFileType = sourcecode.swift; path = UpdaterSettingsView.swift; sourceTree = "<group>"; };
		5069BF67299994BC007F4037 /* ChatType.swift */ = {isa = PBXFileReference; lastKnownFileType = sourcecode.swift; path = ChatType.swift; sourceTree = "<group>"; };
		5069BF6929999504007F4037 /* FilterChatType.swift */ = {isa = PBXFileReference; lastKnownFileType = sourcecode.swift; path = FilterChatType.swift; sourceTree = "<group>"; };
		5069BF6B2999AB2D007F4037 /* SpotifyLoginView.swift */ = {isa = PBXFileReference; lastKnownFileType = sourcecode.swift; path = SpotifyLoginView.swift; sourceTree = "<group>"; };
		5069BF6E2999AC24007F4037 /* SpotifyWebView.swift */ = {isa = PBXFileReference; lastKnownFileType = sourcecode.swift; path = SpotifyWebView.swift; sourceTree = "<group>"; };
		5069BF722999C0A6007F4037 /* String.swift */ = {isa = PBXFileReference; lastKnownFileType = sourcecode.swift; path = String.swift; sourceTree = "<group>"; };
		5069BF74299AA5D3007F4037 /* AutoSpotoContainerView.swift */ = {isa = PBXFileReference; lastKnownFileType = sourcecode.swift; path = AutoSpotoContainerView.swift; sourceTree = "<group>"; };
		506B34022A5EA764002938D3 /* JSONToken.swift */ = {isa = PBXFileReference; lastKnownFileType = sourcecode.swift; path = JSONToken.swift; sourceTree = "<group>"; };
		506B34042A5EB4AC002938D3 /* UpgradeToProButton.swift */ = {isa = PBXFileReference; lastKnownFileType = sourcecode.swift; path = UpgradeToProButton.swift; sourceTree = "<group>"; };
		506B34092A5FAD8E002938D3 /* PhoneNumberManager.swift */ = {isa = PBXFileReference; lastKnownFileType = sourcecode.swift; path = PhoneNumberManager.swift; sourceTree = "<group>"; };
		509B08512A31A82100917AAC /* SpotifyManager.swift */ = {isa = PBXFileReference; lastKnownFileType = sourcecode.swift; path = SpotifyManager.swift; sourceTree = "<group>"; };
		509B08532A31AD1400917AAC /* HTTPMethodType.swift */ = {isa = PBXFileReference; lastKnownFileType = sourcecode.swift; path = HTTPMethodType.swift; sourceTree = "<group>"; };
		509B08572A31B27500917AAC /* AutoSpotoConstants+KeyChain.swift */ = {isa = PBXFileReference; lastKnownFileType = sourcecode.swift; path = "AutoSpotoConstants+KeyChain.swift"; sourceTree = "<group>"; };
		509B08592A31B36B00917AAC /* SpotifyToken.swift */ = {isa = PBXFileReference; lastKnownFileType = sourcecode.swift; path = SpotifyToken.swift; sourceTree = "<group>"; };
		509B085B2A31B6CB00917AAC /* AutoSpotoConstants+HTTPHeaders.swift */ = {isa = PBXFileReference; lastKnownFileType = sourcecode.swift; path = "AutoSpotoConstants+HTTPHeaders.swift"; sourceTree = "<group>"; };
		509B085D2A31BB5800917AAC /* AutoSpotoConstants+HTTPParameter.swift */ = {isa = PBXFileReference; lastKnownFileType = sourcecode.swift; path = "AutoSpotoConstants+HTTPParameter.swift"; sourceTree = "<group>"; };
		509B085F2A31BC3E00917AAC /* AutoSpotoConstants+HTTPStatus.swift */ = {isa = PBXFileReference; lastKnownFileType = sourcecode.swift; path = "AutoSpotoConstants+HTTPStatus.swift"; sourceTree = "<group>"; };
		509B08612A31C31400917AAC /* AutoSpotoError.swift */ = {isa = PBXFileReference; lastKnownFileType = sourcecode.swift; path = AutoSpotoError.swift; sourceTree = "<group>"; };
		509B08632A31FEDF00917AAC /* UserDefaultsManager.swift */ = {isa = PBXFileReference; lastKnownFileType = sourcecode.swift; path = UserDefaultsManager.swift; sourceTree = "<group>"; };
		509B08652A31FF1A00917AAC /* AutoSpotoConstants+UserDefaults.swift */ = {isa = PBXFileReference; lastKnownFileType = sourcecode.swift; path = "AutoSpotoConstants+UserDefaults.swift"; sourceTree = "<group>"; };
		509B086A2A32108A00917AAC /* SpotifyUser.swift */ = {isa = PBXFileReference; lastKnownFileType = sourcecode.swift; path = SpotifyUser.swift; sourceTree = "<group>"; };
		509B086C2A32183300917AAC /* DatabaseManager+ExtractSpotifyTracksWithNoMetadata.swift */ = {isa = PBXFileReference; lastKnownFileType = sourcecode.swift; path = "DatabaseManager+ExtractSpotifyTracksWithNoMetadata.swift"; sourceTree = "<group>"; };
		509B08702A32F1FD00917AAC /* Array.swift */ = {isa = PBXFileReference; lastKnownFileType = sourcecode.swift; path = Array.swift; sourceTree = "<group>"; };
		50A6922C2A371B6500E87BA2 /* CreateButton.swift */ = {isa = PBXFileReference; lastKnownFileType = sourcecode.swift; path = CreateButton.swift; sourceTree = "<group>"; };
		50A6922E2A371B6F00E87BA2 /* CancelButton.swift */ = {isa = PBXFileReference; lastKnownFileType = sourcecode.swift; path = CancelButton.swift; sourceTree = "<group>"; };
		50A692302A371B7900E87BA2 /* DoneButton.swift */ = {isa = PBXFileReference; lastKnownFileType = sourcecode.swift; path = DoneButton.swift; sourceTree = "<group>"; };
		50A9864C2A695B67001C6FBD /* com.autospoto.app.playlistupdater.plist */ = {isa = PBXFileReference; fileEncoding = 4; lastKnownFileType = text.plist.xml; path = com.autospoto.app.playlistupdater.plist; sourceTree = "<group>"; };
		50A986502A695EBE001C6FBD /* AutoSpoto-PlaylistUpdater */ = {isa = PBXFileReference; lastKnownFileType = "compiled.mach-o.executable"; path = "AutoSpoto-PlaylistUpdater"; sourceTree = "<group>"; };
		50AA276D28C3FE69002FFC3F /* AutoSpoto.app */ = {isa = PBXFileReference; explicitFileType = wrapper.application; includeInIndex = 0; path = AutoSpoto.app; sourceTree = BUILT_PRODUCTS_DIR; };
		50AA277028C3FE69002FFC3F /* AutoSpotoApp.swift */ = {isa = PBXFileReference; lastKnownFileType = sourcecode.swift; path = AutoSpotoApp.swift; sourceTree = "<group>"; };
		50AA277228C3FE69002FFC3F /* OnboardingContainerView.swift */ = {isa = PBXFileReference; lastKnownFileType = sourcecode.swift; path = OnboardingContainerView.swift; sourceTree = "<group>"; };
		50AA277428C3FE6A002FFC3F /* Assets.xcassets */ = {isa = PBXFileReference; lastKnownFileType = folder.assetcatalog; path = Assets.xcassets; sourceTree = "<group>"; };
		50AA277928C3FE6A002FFC3F /* AutoSpoto.entitlements */ = {isa = PBXFileReference; lastKnownFileType = text.plist.entitlements; path = AutoSpoto.entitlements; sourceTree = "<group>"; };
		50AC59982A468F5800E473CF /* AppDelegate.swift */ = {isa = PBXFileReference; lastKnownFileType = sourcecode.swift; path = AppDelegate.swift; sourceTree = "<group>"; };
		50ACE0332A61052700DE0344 /* ChatTypeFilter.swift */ = {isa = PBXFileReference; lastKnownFileType = sourcecode.swift; path = ChatTypeFilter.swift; sourceTree = "<group>"; };
		50ACE0362A61056800DE0344 /* ChatTypeFilterToggle.swift */ = {isa = PBXFileReference; lastKnownFileType = sourcecode.swift; path = ChatTypeFilterToggle.swift; sourceTree = "<group>"; };
		50ACE0382A610A8F00DE0344 /* ChatTypeFilterToggleStyle.swift */ = {isa = PBXFileReference; lastKnownFileType = sourcecode.swift; path = ChatTypeFilterToggleStyle.swift; sourceTree = "<group>"; };
		50ACE0402A61366000DE0344 /* SpotifyManager+App.swift */ = {isa = PBXFileReference; lastKnownFileType = sourcecode.swift; path = "SpotifyManager+App.swift"; sourceTree = "<group>"; };
		50ACE0422A6136FA00DE0344 /* DataBaseManager+App.swift */ = {isa = PBXFileReference; lastKnownFileType = sourcecode.swift; path = "DataBaseManager+App.swift"; sourceTree = "<group>"; };
		50B19563299B4711002E7F65 /* IndividualChatCodable.swift */ = {isa = PBXFileReference; lastKnownFileType = sourcecode.swift; path = IndividualChatCodable.swift; sourceTree = "<group>"; };
		50B19565299B471A002E7F65 /* GroupChatCodable.swift */ = {isa = PBXFileReference; lastKnownFileType = sourcecode.swift; path = GroupChatCodable.swift; sourceTree = "<group>"; };
		50B19567299B4A6D002E7F65 /* SpotifyTracksResponse.swift */ = {isa = PBXFileReference; lastKnownFileType = sourcecode.swift; path = SpotifyTracksResponse.swift; sourceTree = "<group>"; };
		50B20D732A386A6F00212CE4 /* AutoSpotoDiskAccessRequestCell.swift */ = {isa = PBXFileReference; lastKnownFileType = sourcecode.swift; path = AutoSpotoDiskAccessRequestCell.swift; sourceTree = "<group>"; };
		50B20D752A386A7800212CE4 /* SpotifyAccessRequestCell.swift */ = {isa = PBXFileReference; lastKnownFileType = sourcecode.swift; path = SpotifyAccessRequestCell.swift; sourceTree = "<group>"; };
		50B20D852A38BA4800212CE4 /* AVPlayerView.swift */ = {isa = PBXFileReference; lastKnownFileType = sourcecode.swift; path = AVPlayerView.swift; sourceTree = "<group>"; };
		50C0F97E2A6154CB008E6743 /* Playlist_Updater_Coaching.mov */ = {isa = PBXFileReference; lastKnownFileType = video.quicktime; path = Playlist_Updater_Coaching.mov; sourceTree = "<group>"; };
		50C0F98A2A616C28008E6743 /* AutoSpoto-PlaylistUpdater.entitlements */ = {isa = PBXFileReference; lastKnownFileType = text.plist.entitlements; path = "AutoSpoto-PlaylistUpdater.entitlements"; sourceTree = "<group>"; };
		50C1790B29980ED8009CD58F /* Track.swift */ = {isa = PBXFileReference; lastKnownFileType = sourcecode.swift; path = Track.swift; sourceTree = "<group>"; };
		50C1790D2998AD4C009CD58F /* CreatePlaylistView.swift */ = {isa = PBXFileReference; lastKnownFileType = sourcecode.swift; path = CreatePlaylistView.swift; sourceTree = "<group>"; };
		50CFCE2629896004009C3F4A /* GetStartedView.swift */ = {isa = PBXFileReference; lastKnownFileType = sourcecode.swift; path = GetStartedView.swift; sourceTree = "<group>"; };
		50CFCE2829896983009C3F4A /* PermissionsRequestView.swift */ = {isa = PBXFileReference; lastKnownFileType = sourcecode.swift; path = PermissionsRequestView.swift; sourceTree = "<group>"; };
		50CFCE2A29896C5D009C3F4A /* AnimationCompletionObserverModifier.swift */ = {isa = PBXFileReference; lastKnownFileType = sourcecode.swift; path = AnimationCompletionObserverModifier.swift; sourceTree = "<group>"; };
		50CFCE2D29896EF6009C3F4A /* AutoSpotoConstants+Dimensions.swift */ = {isa = PBXFileReference; lastKnownFileType = sourcecode.swift; path = "AutoSpotoConstants+Dimensions.swift"; sourceTree = "<group>"; };
		50CFCE2F2989D896009C3F4A /* AutoSpotoConstants+URL.swift */ = {isa = PBXFileReference; lastKnownFileType = sourcecode.swift; path = "AutoSpotoConstants+URL.swift"; sourceTree = "<group>"; };
		50CFCE312989DABA009C3F4A /* ChooseMusicStreamingServiceView.swift */ = {isa = PBXFileReference; lastKnownFileType = sourcecode.swift; path = ChooseMusicStreamingServiceView.swift; sourceTree = "<group>"; };
		50D0261C2A38BC9500DBD789 /* AVLooperPlayer.swift */ = {isa = PBXFileReference; lastKnownFileType = sourcecode.swift; path = AVLooperPlayer.swift; sourceTree = "<group>"; };
		50D43F5F2985EAD5000DC525 /* View.swift */ = {isa = PBXFileReference; lastKnownFileType = sourcecode.swift; path = View.swift; sourceTree = "<group>"; };
		50DB079E2984B6A000BC5864 /* JosefinSansThin.ttf */ = {isa = PBXFileReference; lastKnownFileType = file; path = JosefinSansThin.ttf; sourceTree = "<group>"; };
		50DB079F2984B6A000BC5864 /* JosefinSansRegular.ttf */ = {isa = PBXFileReference; lastKnownFileType = file; path = JosefinSansRegular.ttf; sourceTree = "<group>"; };
		50DB07A02984B6A000BC5864 /* JosefinSansSemibold.ttf */ = {isa = PBXFileReference; lastKnownFileType = file; path = JosefinSansSemibold.ttf; sourceTree = "<group>"; };
		50DB07A12984B6A000BC5864 /* JosefinSansBold.ttf */ = {isa = PBXFileReference; lastKnownFileType = file; path = JosefinSansBold.ttf; sourceTree = "<group>"; };
		50DB07A22984B6A000BC5864 /* JosefinSansLightItalic.ttf */ = {isa = PBXFileReference; lastKnownFileType = file; path = JosefinSansLightItalic.ttf; sourceTree = "<group>"; };
		50DB07A32984B6A000BC5864 /* JosefinSansBoldItalic.ttf */ = {isa = PBXFileReference; lastKnownFileType = file; path = JosefinSansBoldItalic.ttf; sourceTree = "<group>"; };
		50DB07A42984B6A000BC5864 /* JosefinSansThinItalic.ttf */ = {isa = PBXFileReference; lastKnownFileType = file; path = JosefinSansThinItalic.ttf; sourceTree = "<group>"; };
		50DB07A52984B6A000BC5864 /* JosefinSansLight.ttf */ = {isa = PBXFileReference; lastKnownFileType = file; path = JosefinSansLight.ttf; sourceTree = "<group>"; };
		50F178922995EAFF002AFC1C /* HomeContainerView.swift */ = {isa = PBXFileReference; lastKnownFileType = sourcecode.swift; path = HomeContainerView.swift; sourceTree = "<group>"; };
		50F178942995ECEB002AFC1C /* ChatsListView.swift */ = {isa = PBXFileReference; lastKnownFileType = sourcecode.swift; path = ChatsListView.swift; sourceTree = "<group>"; };
		50F178972995ED11002AFC1C /* ChatView.swift */ = {isa = PBXFileReference; lastKnownFileType = sourcecode.swift; path = ChatView.swift; sourceTree = "<group>"; };
		50F1789A2995EE0B002AFC1C /* Chat.swift */ = {isa = PBXFileReference; lastKnownFileType = sourcecode.swift; path = Chat.swift; sourceTree = "<group>"; };
		50F1789D2995F092002AFC1C /* HomeViewModel.swift */ = {isa = PBXFileReference; lastKnownFileType = sourcecode.swift; path = HomeViewModel.swift; sourceTree = "<group>"; };
		50F1789F2995F441002AFC1C /* ChatRow.swift */ = {isa = PBXFileReference; lastKnownFileType = sourcecode.swift; path = ChatRow.swift; sourceTree = "<group>"; };
		50F178A729960B40002AFC1C /* TrackRow.swift */ = {isa = PBXFileReference; lastKnownFileType = sourcecode.swift; path = TrackRow.swift; sourceTree = "<group>"; };
		50F34C5C2976527D0059516B /* AutoSpotoConstants.swift */ = {isa = PBXFileReference; lastKnownFileType = sourcecode.swift; path = AutoSpotoConstants.swift; sourceTree = "<group>"; };
		50F34C5E297652DF0059516B /* AutoSpotoConstants+Strings.swift */ = {isa = PBXFileReference; lastKnownFileType = sourcecode.swift; path = "AutoSpotoConstants+Strings.swift"; sourceTree = "<group>"; };
		50F34C63297657DB0059516B /* Color.swift */ = {isa = PBXFileReference; lastKnownFileType = sourcecode.swift; path = Color.swift; sourceTree = "<group>"; };
		50F34C65297659950059516B /* Colors.xcassets */ = {isa = PBXFileReference; lastKnownFileType = folder.assetcatalog; path = Colors.xcassets; sourceTree = "<group>"; };
		50F34C6729765DC00059516B /* Font.swift */ = {isa = PBXFileReference; lastKnownFileType = sourcecode.swift; path = Font.swift; sourceTree = "<group>"; };
		50F34C90297706270059516B /* Info.plist */ = {isa = PBXFileReference; lastKnownFileType = text.plist; path = Info.plist; sourceTree = "<group>"; };
		50F4A3C32A5010F0002C19EF /* GoogleService-Info.plist */ = {isa = PBXFileReference; fileEncoding = 4; lastKnownFileType = text.plist.xml; path = "GoogleService-Info.plist"; sourceTree = "<group>"; };
		50F9339329C4DFC1004D0B0F /* AutoSpotoConstants+Regex.swift */ = {isa = PBXFileReference; lastKnownFileType = sourcecode.swift; path = "AutoSpotoConstants+Regex.swift"; sourceTree = "<group>"; };
		50FB02DC2A34756200D2CEB7 /* AutoSpotoConstants+Limits.swift */ = {isa = PBXFileReference; lastKnownFileType = sourcecode.swift; path = "AutoSpotoConstants+Limits.swift"; sourceTree = "<group>"; };
		50FB02DE2A34870600D2CEB7 /* SpotifyPlaylist.swift */ = {isa = PBXFileReference; lastKnownFileType = sourcecode.swift; path = SpotifyPlaylist.swift; sourceTree = "<group>"; };
		50FB02E02A34BBDC00D2CEB7 /* PlaylistSummaryView.swift */ = {isa = PBXFileReference; lastKnownFileType = sourcecode.swift; path = PlaylistSummaryView.swift; sourceTree = "<group>"; };
		50FB02E42A35A49600D2CEB7 /* SyncButton.swift */ = {isa = PBXFileReference; lastKnownFileType = sourcecode.swift; path = SyncButton.swift; sourceTree = "<group>"; };
		92357DE22A582F6900B4CFB4 /* SpotifyTokenManager.swift */ = {isa = PBXFileReference; lastKnownFileType = sourcecode.swift; path = SpotifyTokenManager.swift; sourceTree = "<group>"; };
		92F554B02A55E25A006E1CAA /* AutoSpoto-PlaylistUpdater */ = {isa = PBXFileReference; explicitFileType = "compiled.mach-o.executable"; includeInIndex = 0; path = "AutoSpoto-PlaylistUpdater"; sourceTree = BUILT_PRODUCTS_DIR; };
		92F554B22A55E25A006E1CAA /* main.swift */ = {isa = PBXFileReference; lastKnownFileType = sourcecode.swift; path = main.swift; sourceTree = "<group>"; };
/* End PBXFileReference section */

/* Begin PBXFrameworksBuildPhase section */
		50AA276A28C3FE69002FFC3F /* Frameworks */ = {
			isa = PBXFrameworksBuildPhase;
			buildActionMask = 2147483647;
			files = (
				506B34082A5FAD47002938D3 /* PhoneNumberKit in Frameworks */,
				505DB2932A4ED6FF0092E600 /* Sparkle in Frameworks */,
				504C2EBD2A25BC9500097F5F /* SQLite in Frameworks */,
				5069BF6629994BDF007F4037 /* Kingfisher in Frameworks */,
				50AC59952A468D6100E473CF /* FirebaseCrashlytics in Frameworks */,
				50AC59932A468D6100E473CF /* FirebaseAnalytics in Frameworks */,
				50F178A62995FA0F002AFC1C /* Introspect in Frameworks */,
			);
			runOnlyForDeploymentPostprocessing = 0;
		};
		92F554AD2A55E25A006E1CAA /* Frameworks */ = {
			isa = PBXFrameworksBuildPhase;
			buildActionMask = 2147483647;
			files = (
				92F554DA2A55E3DB006E1CAA /* SQLite in Frameworks */,
			);
			runOnlyForDeploymentPostprocessing = 0;
		};
/* End PBXFrameworksBuildPhase section */

/* Begin PBXGroup section */
		503BC2FC29B38DC700743ED5 /* Helper Views */ = {
			isa = PBXGroup;
			children = (
				503BC2FD29B38DD400743ED5 /* PersonPictureView.swift */,
				503BC30029B3A83800743ED5 /* OnboardingButton.swift */,
				503BC30229B3ABAD00743ED5 /* CreatePlaylistButton.swift */,
				50FB02E42A35A49600D2CEB7 /* SyncButton.swift */,
				50A6922C2A371B6500E87BA2 /* CreateButton.swift */,
				50A6922E2A371B6F00E87BA2 /* CancelButton.swift */,
				50A692302A371B7900E87BA2 /* DoneButton.swift */,
				506B34042A5EB4AC002938D3 /* UpgradeToProButton.swift */,
			);
			path = "Helper Views";
			sourceTree = "<group>";
		};
		5040697D2A5594D900414D3D /* DatabaseManager */ = {
			isa = PBXGroup;
			children = (
				504C2EB72A24F93B00097F5F /* DatabaseManager.swift */,
				50ACE0422A6136FA00DE0344 /* DataBaseManager+App.swift */,
				509B086C2A32183300917AAC /* DatabaseManager+ExtractSpotifyTracksWithNoMetadata.swift */,
			);
			path = DatabaseManager;
			sourceTree = "<group>";
		};
		5048A23B2A38C16E00790C36 /* GeometryEffect */ = {
			isa = PBXGroup;
			children = (
				5048A23C2A38C17B00790C36 /* Shake.swift */,
			);
			path = GeometryEffect;
			sourceTree = "<group>";
		};
		504C2EB62A24F90B00097F5F /* Backend */ = {
			isa = PBXGroup;
			children = (
				50ACE03C2A61361800DE0344 /* SpotifyManager */,
				5040697D2A5594D900414D3D /* DatabaseManager */,
				92357DE22A582F6900B4CFB4 /* SpotifyTokenManager.swift */,
				509B08632A31FEDF00917AAC /* UserDefaultsManager.swift */,
				5048A23E2A39AB9900790C36 /* DiskAccessManager.swift */,
				506B34092A5FAD8E002938D3 /* PhoneNumberManager.swift */,
			);
			path = Backend;
			sourceTree = "<group>";
		};
		505DB2982A4ED8380092E600 /* Updates */ = {
			isa = PBXGroup;
			children = (
				505DB2962A4ED7860092E600 /* CheckForUpdatesView.swift */,
				505DB2992A4ED84A0092E600 /* UpdaterSettingsView.swift */,
			);
			path = Updates;
			sourceTree = "<group>";
		};
		5069BF6D2999AC0A007F4037 /* NSViewRepresentable */ = {
			isa = PBXGroup;
			children = (
				5069BF6E2999AC24007F4037 /* SpotifyWebView.swift */,
			);
			path = NSViewRepresentable;
			sourceTree = "<group>";
		};
		509B08692A3203CF00917AAC /* Token */ = {
			isa = PBXGroup;
			children = (
				509B08592A31B36B00917AAC /* SpotifyToken.swift */,
				506B34022A5EA764002938D3 /* JSONToken.swift */,
			);
			path = Token;
			sourceTree = "<group>";
		};
		50AA276428C3FE69002FFC3F = {
			isa = PBXGroup;
			children = (
				50AA276F28C3FE69002FFC3F /* AutoSpoto */,
				92F554B12A55E25A006E1CAA /* AutoSpoto-PlaylistUpdater */,
				50AA276E28C3FE69002FFC3F /* Products */,
				92F554A72A550895006E1CAA /* Frameworks */,
			);
			sourceTree = "<group>";
		};
		50AA276E28C3FE69002FFC3F /* Products */ = {
			isa = PBXGroup;
			children = (
				50AA276D28C3FE69002FFC3F /* AutoSpoto.app */,
				92F554B02A55E25A006E1CAA /* AutoSpoto-PlaylistUpdater */,
			);
			name = Products;
			sourceTree = "<group>";
		};
		50AA276F28C3FE69002FFC3F /* AutoSpoto */ = {
			isa = PBXGroup;
			children = (
				50F34C90297706270059516B /* Info.plist */,
				50AA277928C3FE6A002FFC3F /* AutoSpoto.entitlements */,
				50AA277028C3FE69002FFC3F /* AutoSpotoApp.swift */,
				504C2EB62A24F90B00097F5F /* Backend */,
				50F34C62297657BF0059516B /* Extensions */,
				50F34C5B2976526C0059516B /* Supporting FIles */,
				50F34C8E297662A80059516B /* View */,
				50F178992995EDF9002AFC1C /* Model */,
				50F1789C2995F05C002AFC1C /* ViewModel */,
			);
			path = AutoSpoto;
			sourceTree = "<group>";
		};
		50ACE0352A61055800DE0344 /* ChatTypeFilter */ = {
			isa = PBXGroup;
			children = (
				50ACE0332A61052700DE0344 /* ChatTypeFilter.swift */,
				50ACE0362A61056800DE0344 /* ChatTypeFilterToggle.swift */,
				50ACE0382A610A8F00DE0344 /* ChatTypeFilterToggleStyle.swift */,
			);
			path = ChatTypeFilter;
			sourceTree = "<group>";
		};
		50ACE03C2A61361800DE0344 /* SpotifyManager */ = {
			isa = PBXGroup;
			children = (
				509B08512A31A82100917AAC /* SpotifyManager.swift */,
				50ACE0402A61366000DE0344 /* SpotifyManager+App.swift */,
			);
			path = SpotifyManager;
			sourceTree = "<group>";
		};
		50B19562299B4706002E7F65 /* Codable */ = {
			isa = PBXGroup;
			children = (
				509B08692A3203CF00917AAC /* Token */,
				50B19563299B4711002E7F65 /* IndividualChatCodable.swift */,
				50B19565299B471A002E7F65 /* GroupChatCodable.swift */,
				50B19567299B4A6D002E7F65 /* SpotifyTracksResponse.swift */,
				509B086A2A32108A00917AAC /* SpotifyUser.swift */,
				50FB02DE2A34870600D2CEB7 /* SpotifyPlaylist.swift */,
			);
			path = Codable;
			sourceTree = "<group>";
		};
		50B20D722A386A5200212CE4 /* PermissionsRequestView */ = {
			isa = PBXGroup;
			children = (
				50CFCE2829896983009C3F4A /* PermissionsRequestView.swift */,
				50B20D732A386A6F00212CE4 /* AutoSpotoDiskAccessRequestCell.swift */,
				50B20D752A386A7800212CE4 /* SpotifyAccessRequestCell.swift */,
			);
			path = PermissionsRequestView;
			sourceTree = "<group>";
		};
		50B20D822A38B5FD00212CE4 /* Video */ = {
			isa = PBXGroup;
			children = (
				50283F5D2A501FF700E9121B /* Disk_Access_Coaching.mov */,
				50C0F97E2A6154CB008E6743 /* Playlist_Updater_Coaching.mov */,
			);
			path = Video;
			sourceTree = "<group>";
		};
		50CFCE2C29896ED0009C3F4A /* AutoSpotoConstants */ = {
			isa = PBXGroup;
			children = (
				50F34C5C2976527D0059516B /* AutoSpotoConstants.swift */,
				50F34C5E297652DF0059516B /* AutoSpotoConstants+Strings.swift */,
				50CFCE2D29896EF6009C3F4A /* AutoSpotoConstants+Dimensions.swift */,
				50CFCE2F2989D896009C3F4A /* AutoSpotoConstants+URL.swift */,
				50F9339329C4DFC1004D0B0F /* AutoSpotoConstants+Regex.swift */,
				509B08572A31B27500917AAC /* AutoSpotoConstants+KeyChain.swift */,
				509B085B2A31B6CB00917AAC /* AutoSpotoConstants+HTTPHeaders.swift */,
				509B085D2A31BB5800917AAC /* AutoSpotoConstants+HTTPParameter.swift */,
				509B085F2A31BC3E00917AAC /* AutoSpotoConstants+HTTPStatus.swift */,
				509B08652A31FF1A00917AAC /* AutoSpotoConstants+UserDefaults.swift */,
				50FB02DC2A34756200D2CEB7 /* AutoSpotoConstants+Limits.swift */,
			);
			path = AutoSpotoConstants;
			sourceTree = "<group>";
		};
		50D0261B2A38BC8B00DBD789 /* Subclass */ = {
			isa = PBXGroup;
			children = (
				50D0261C2A38BC9500DBD789 /* AVLooperPlayer.swift */,
			);
			path = Subclass;
			sourceTree = "<group>";
		};
		50F178902995EAA9002AFC1C /* Onboarding */ = {
			isa = PBXGroup;
			children = (
				50B20D722A386A5200212CE4 /* PermissionsRequestView */,
				50AA277228C3FE69002FFC3F /* OnboardingContainerView.swift */,
				50CFCE2629896004009C3F4A /* GetStartedView.swift */,
				50CFCE312989DABA009C3F4A /* ChooseMusicStreamingServiceView.swift */,
				5069BF6B2999AB2D007F4037 /* SpotifyLoginView.swift */,
			);
			path = Onboarding;
			sourceTree = "<group>";
		};
		50F178912995EAB8002AFC1C /* Home */ = {
			isa = PBXGroup;
			children = (
				50F178922995EAFF002AFC1C /* HomeContainerView.swift */,
				50F178942995ECEB002AFC1C /* ChatsListView.swift */,
				50F178972995ED11002AFC1C /* ChatView.swift */,
				50F1789F2995F441002AFC1C /* ChatRow.swift */,
				50F178A729960B40002AFC1C /* TrackRow.swift */,
				50C1790D2998AD4C009CD58F /* CreatePlaylistView.swift */,
				50FB02E02A34BBDC00D2CEB7 /* PlaylistSummaryView.swift */,
				50ACE0352A61055800DE0344 /* ChatTypeFilter */,
			);
			path = Home;
			sourceTree = "<group>";
		};
		50F178992995EDF9002AFC1C /* Model */ = {
			isa = PBXGroup;
			children = (
				50B19562299B4706002E7F65 /* Codable */,
				50C1790B29980ED8009CD58F /* Track.swift */,
				50F1789A2995EE0B002AFC1C /* Chat.swift */,
				5040697F2A55A9D400414D3D /* ChatSection.swift */,
				5069BF67299994BC007F4037 /* ChatType.swift */,
				5069BF6929999504007F4037 /* FilterChatType.swift */,
				509B08532A31AD1400917AAC /* HTTPMethodType.swift */,
				509B08612A31C31400917AAC /* AutoSpotoError.swift */,
				500215E22A57B64900978C20 /* ContactRow.swift */,
			);
			path = Model;
			sourceTree = "<group>";
		};
		50F1789C2995F05C002AFC1C /* ViewModel */ = {
			isa = PBXGroup;
			children = (
				50F1789D2995F092002AFC1C /* HomeViewModel.swift */,
				505DB2942A4ED74C0092E600 /* CheckForUpdatesViewModel.swift */,
			);
			path = ViewModel;
			sourceTree = "<group>";
		};
		50F34C5B2976526C0059516B /* Supporting FIles */ = {
			isa = PBXGroup;
			children = (
				50A986502A695EBE001C6FBD /* AutoSpoto-PlaylistUpdater */,
				50F4A3C32A5010F0002C19EF /* GoogleService-Info.plist */,
				50B20D822A38B5FD00212CE4 /* Video */,
				50AA277428C3FE6A002FFC3F /* Assets.xcassets */,
				50F34C65297659950059516B /* Colors.xcassets */,
				50F34C692976611E0059516B /* Font */,
				50CFCE2C29896ED0009C3F4A /* AutoSpotoConstants */,
				504C2EB92A25BA9700097F5F /* Configuration.swift */,
				50AC59982A468F5800E473CF /* AppDelegate.swift */,
			);
			path = "Supporting FIles";
			sourceTree = "<group>";
		};
		50F34C62297657BF0059516B /* Extensions */ = {
			isa = PBXGroup;
			children = (
				50F34C63297657DB0059516B /* Color.swift */,
				50F34C6729765DC00059516B /* Font.swift */,
				50D43F5F2985EAD5000DC525 /* View.swift */,
				5069BF722999C0A6007F4037 /* String.swift */,
				509B08702A32F1FD00917AAC /* Array.swift */,
				50B20D852A38BA4800212CE4 /* AVPlayerView.swift */,
				50283F5F2A5033B900E9121B /* NSImage.swift */,
			);
			path = Extensions;
			sourceTree = "<group>";
		};
		50F34C692976611E0059516B /* Font */ = {
			isa = PBXGroup;
			children = (
				50DB07A12984B6A000BC5864 /* JosefinSansBold.ttf */,
				50DB07A32984B6A000BC5864 /* JosefinSansBoldItalic.ttf */,
				50DB07A52984B6A000BC5864 /* JosefinSansLight.ttf */,
				50DB07A22984B6A000BC5864 /* JosefinSansLightItalic.ttf */,
				50DB079F2984B6A000BC5864 /* JosefinSansRegular.ttf */,
				50DB07A02984B6A000BC5864 /* JosefinSansSemibold.ttf */,
				50DB079E2984B6A000BC5864 /* JosefinSansThin.ttf */,
				50DB07A42984B6A000BC5864 /* JosefinSansThinItalic.ttf */,
			);
			path = Font;
			sourceTree = "<group>";
		};
		50F34C8E297662A80059516B /* View */ = {
			isa = PBXGroup;
			children = (
				505DB2982A4ED8380092E600 /* Updates */,
				5069BF74299AA5D3007F4037 /* AutoSpotoContainerView.swift */,
				5048A23B2A38C16E00790C36 /* GeometryEffect */,
				50D0261B2A38BC8B00DBD789 /* Subclass */,
				503BC2FC29B38DC700743ED5 /* Helper Views */,
				5069BF6D2999AC0A007F4037 /* NSViewRepresentable */,
				50F34C8F297662B00059516B /* View Modifiers */,
				50F178902995EAA9002AFC1C /* Onboarding */,
				50F178912995EAB8002AFC1C /* Home */,
			);
			path = View;
			sourceTree = "<group>";
		};
		50F34C8F297662B00059516B /* View Modifiers */ = {
			isa = PBXGroup;
			children = (
				50CFCE2A29896C5D009C3F4A /* AnimationCompletionObserverModifier.swift */,
			);
			path = "View Modifiers";
			sourceTree = "<group>";
		};
		92F554A72A550895006E1CAA /* Frameworks */ = {
			isa = PBXGroup;
			children = (
			);
			name = Frameworks;
			sourceTree = "<group>";
		};
		92F554B12A55E25A006E1CAA /* AutoSpoto-PlaylistUpdater */ = {
			isa = PBXGroup;
			children = (
				50A9864C2A695B67001C6FBD /* com.autospoto.app.playlistupdater.plist */,
				50C0F98A2A616C28008E6743 /* AutoSpoto-PlaylistUpdater.entitlements */,
				92F554B22A55E25A006E1CAA /* main.swift */,
			);
			path = "AutoSpoto-PlaylistUpdater";
			sourceTree = "<group>";
		};
/* End PBXGroup section */

/* Begin PBXNativeTarget section */
		50AA276C28C3FE69002FFC3F /* AutoSpoto */ = {
			isa = PBXNativeTarget;
			buildConfigurationList = 50AA277C28C3FE6A002FFC3F /* Build configuration list for PBXNativeTarget "AutoSpoto" */;
			buildPhases = (
				50AA276928C3FE69002FFC3F /* Sources */,
				50AA276A28C3FE69002FFC3F /* Frameworks */,
				50AA276B28C3FE69002FFC3F /* Resources */,
				50AC599A2A4690E700E473CF /* ShellScript */,
				50A9864E2A695B86001C6FBD /* CopyFiles */,
			);
			buildRules = (
			);
			dependencies = (
			);
			name = AutoSpoto;
			packageProductDependencies = (
				50F178A52995FA0F002AFC1C /* Introspect */,
				5069BF6529994BDF007F4037 /* Kingfisher */,
				504C2EBC2A25BC9500097F5F /* SQLite */,
				50AC59922A468D6100E473CF /* FirebaseAnalytics */,
				50AC59942A468D6100E473CF /* FirebaseCrashlytics */,
				505DB2922A4ED6FF0092E600 /* Sparkle */,
				506B34072A5FAD47002938D3 /* PhoneNumberKit */,
			);
			productName = AutoSpoto;
			productReference = 50AA276D28C3FE69002FFC3F /* AutoSpoto.app */;
			productType = "com.apple.product-type.application";
		};
		92F554AF2A55E25A006E1CAA /* AutoSpoto-PlaylistUpdater */ = {
			isa = PBXNativeTarget;
			buildConfigurationList = 92F554B42A55E25A006E1CAA /* Build configuration list for PBXNativeTarget "AutoSpoto-PlaylistUpdater" */;
			buildPhases = (
				92F554AC2A55E25A006E1CAA /* Sources */,
				92F554AD2A55E25A006E1CAA /* Frameworks */,
				92F554AE2A55E25A006E1CAA /* CopyFiles */,
			);
			buildRules = (
			);
			dependencies = (
			);
			name = "AutoSpoto-PlaylistUpdater";
			packageProductDependencies = (
				92F554D92A55E3DB006E1CAA /* SQLite */,
			);
			productName = testing;
			productReference = 92F554B02A55E25A006E1CAA /* AutoSpoto-PlaylistUpdater */;
			productType = "com.apple.product-type.tool";
		};
/* End PBXNativeTarget section */

/* Begin PBXProject section */
		50AA276528C3FE69002FFC3F /* Project object */ = {
			isa = PBXProject;
			attributes = {
				BuildIndependentTargetsInParallel = 1;
				KnownAssetTags = (
					New,
				);
				LastSwiftUpdateCheck = 1420;
				LastUpgradeCheck = 1430;
				TargetAttributes = {
					50AA276C28C3FE69002FFC3F = {
						CreatedOnToolsVersion = 14.0;
					};
					92F554AF2A55E25A006E1CAA = {
						CreatedOnToolsVersion = 14.2;
					};
				};
			};
			buildConfigurationList = 50AA276828C3FE69002FFC3F /* Build configuration list for PBXProject "AutoSpoto" */;
			compatibilityVersion = "Xcode 14.0";
			developmentRegion = en;
			hasScannedForEncodings = 0;
			knownRegions = (
				en,
				Base,
			);
			mainGroup = 50AA276428C3FE69002FFC3F;
			packageReferences = (
				50F178A42995FA0F002AFC1C /* XCRemoteSwiftPackageReference "SwiftUI-Introspect" */,
				5069BF6429994BDF007F4037 /* XCRemoteSwiftPackageReference "Kingfisher" */,
				504C2EBB2A25BC9500097F5F /* XCRemoteSwiftPackageReference "SQLite" */,
				50AC59912A468D6100E473CF /* XCRemoteSwiftPackageReference "firebase-ios-sdk" */,
				505DB2912A4ED6FF0092E600 /* XCRemoteSwiftPackageReference "Sparkle" */,
				506B34062A5FAD47002938D3 /* XCRemoteSwiftPackageReference "PhoneNumberKit" */,
				5038FFD92A67B61E000AF367 /* XCRemoteSwiftPackageReference "LaunchAgent" */,
			);
			productRefGroup = 50AA276E28C3FE69002FFC3F /* Products */;
			projectDirPath = "";
			projectRoot = "";
			targets = (
				50AA276C28C3FE69002FFC3F /* AutoSpoto */,
				92F554AF2A55E25A006E1CAA /* AutoSpoto-PlaylistUpdater */,
			);
		};
/* End PBXProject section */

/* Begin PBXResourcesBuildPhase section */
		50AA276B28C3FE69002FFC3F /* Resources */ = {
			isa = PBXResourcesBuildPhase;
			buildActionMask = 2147483647;
			files = (
				50F34C66297659950059516B /* Colors.xcassets in Resources */,
				50A986512A695EBE001C6FBD /* AutoSpoto-PlaylistUpdater in Resources */,
				50DB07AA2984B6A000BC5864 /* JosefinSansLightItalic.ttf in Resources */,
				50DB07A82984B6A000BC5864 /* JosefinSansSemibold.ttf in Resources */,
				50AA277528C3FE6A002FFC3F /* Assets.xcassets in Resources */,
				50DB07A92984B6A000BC5864 /* JosefinSansBold.ttf in Resources */,
				50F4A3C42A5010F0002C19EF /* GoogleService-Info.plist in Resources */,
				50DB07AC2984B6A000BC5864 /* JosefinSansThinItalic.ttf in Resources */,
				50283F5E2A501FF800E9121B /* Disk_Access_Coaching.mov in Resources */,
				50C0F97F2A6154CB008E6743 /* Playlist_Updater_Coaching.mov in Resources */,
				50DB07A62984B6A000BC5864 /* JosefinSansThin.ttf in Resources */,
				50DB07AD2984B6A000BC5864 /* JosefinSansLight.ttf in Resources */,
				50DB07A72984B6A000BC5864 /* JosefinSansRegular.ttf in Resources */,
				50DB07AB2984B6A000BC5864 /* JosefinSansBoldItalic.ttf in Resources */,
				50A9864D2A695B67001C6FBD /* com.autospoto.app.playlistupdater.plist in Resources */,
			);
			runOnlyForDeploymentPostprocessing = 0;
		};
/* End PBXResourcesBuildPhase section */

/* Begin PBXShellScriptBuildPhase section */
		50AC599A2A4690E700E473CF /* ShellScript */ = {
			isa = PBXShellScriptBuildPhase;
			buildActionMask = 2147483647;
			files = (
			);
			inputFileListPaths = (
			);
			inputPaths = (
				"${DWARF_DSYM_FOLDER_PATH}/${DWARF_DSYM_FILE_NAME}/Contents/Resources/DWARF/${TARGET_NAME}",
				"$(SRCROOT)/$(BUILT_PRODUCTS_DIR)/$(INFOPLIST_PATH)",
			);
			outputFileListPaths = (
			);
			outputPaths = (
			);
			runOnlyForDeploymentPostprocessing = 0;
			shellPath = /bin/sh;
			shellScript = "\"${BUILD_DIR%/Build/*}/SourcePackages/checkouts/firebase-ios-sdk/Crashlytics/run\"\n";
		};
/* End PBXShellScriptBuildPhase section */

/* Begin PBXSourcesBuildPhase section */
		50AA276928C3FE69002FFC3F /* Sources */ = {
			isa = PBXSourcesBuildPhase;
			buildActionMask = 2147483647;
			files = (
				50AC59992A468F5800E473CF /* AppDelegate.swift in Sources */,
				50B20D862A38BA4800212CE4 /* AVPlayerView.swift in Sources */,
				50F178A02995F441002AFC1C /* ChatRow.swift in Sources */,
				50F178982995ED11002AFC1C /* ChatView.swift in Sources */,
				504C2EB82A24F93B00097F5F /* DatabaseManager.swift in Sources */,
				506B34032A5EA764002938D3 /* JSONToken.swift in Sources */,
				50D43F602985EAD5000DC525 /* View.swift in Sources */,
				5069BF75299AA5D3007F4037 /* AutoSpotoContainerView.swift in Sources */,
				50A692312A371B7900E87BA2 /* DoneButton.swift in Sources */,
				509B08542A31AD1400917AAC /* HTTPMethodType.swift in Sources */,
				50F34C5D2976527D0059516B /* AutoSpotoConstants.swift in Sources */,
				509B085A2A31B36B00917AAC /* SpotifyToken.swift in Sources */,
				5069BF732999C0A6007F4037 /* String.swift in Sources */,
				509B08712A32F1FD00917AAC /* Array.swift in Sources */,
				5048A23F2A39AB9900790C36 /* DiskAccessManager.swift in Sources */,
				50CFCE322989DABA009C3F4A /* ChooseMusicStreamingServiceView.swift in Sources */,
				505DB2952A4ED74C0092E600 /* CheckForUpdatesViewModel.swift in Sources */,
				509B085C2A31B6CB00917AAC /* AutoSpotoConstants+HTTPHeaders.swift in Sources */,
				509B08602A31BC3E00917AAC /* AutoSpotoConstants+HTTPStatus.swift in Sources */,
				503BC30329B3ABAD00743ED5 /* CreatePlaylistButton.swift in Sources */,
				50AA277328C3FE69002FFC3F /* OnboardingContainerView.swift in Sources */,
				50A6922D2A371B6500E87BA2 /* CreateButton.swift in Sources */,
				5048A23D2A38C17B00790C36 /* Shake.swift in Sources */,
				50B19564299B4711002E7F65 /* IndividualChatCodable.swift in Sources */,
				50FB02DF2A34870600D2CEB7 /* SpotifyPlaylist.swift in Sources */,
				505DB29A2A4ED84A0092E600 /* UpdaterSettingsView.swift in Sources */,
				50F178952995ECEB002AFC1C /* ChatsListView.swift in Sources */,
				50FB02E52A35A49600D2CEB7 /* SyncButton.swift in Sources */,
				509B086B2A32108A00917AAC /* SpotifyUser.swift in Sources */,
				50F178932995EAFF002AFC1C /* HomeContainerView.swift in Sources */,
				92357DE32A582F6900B4CFB4 /* SpotifyTokenManager.swift in Sources */,
				50F34C6829765DC00059516B /* Font.swift in Sources */,
				50CFCE2729896004009C3F4A /* GetStartedView.swift in Sources */,
				509B085E2A31BB5800917AAC /* AutoSpotoConstants+HTTPParameter.swift in Sources */,
				50ACE0392A610A8F00DE0344 /* ChatTypeFilterToggleStyle.swift in Sources */,
				5069BF68299994BC007F4037 /* ChatType.swift in Sources */,
				50B20D742A386A6F00212CE4 /* AutoSpotoDiskAccessRequestCell.swift in Sources */,
				509B08622A31C31400917AAC /* AutoSpotoError.swift in Sources */,
				50C1790C29980ED8009CD58F /* Track.swift in Sources */,
				50CFCE2B29896C5D009C3F4A /* AnimationCompletionObserverModifier.swift in Sources */,
				50F34C5F297652DF0059516B /* AutoSpotoConstants+Strings.swift in Sources */,
				50AA277128C3FE69002FFC3F /* AutoSpotoApp.swift in Sources */,
				50ACE0372A61056800DE0344 /* ChatTypeFilterToggle.swift in Sources */,
				50D0261D2A38BC9500DBD789 /* AVLooperPlayer.swift in Sources */,
				5069BF6A29999504007F4037 /* FilterChatType.swift in Sources */,
				50F1789B2995EE0B002AFC1C /* Chat.swift in Sources */,
				509B086D2A32183300917AAC /* DatabaseManager+ExtractSpotifyTracksWithNoMetadata.swift in Sources */,
				509B08642A31FEDF00917AAC /* UserDefaultsManager.swift in Sources */,
				50F9339429C4DFC1004D0B0F /* AutoSpotoConstants+Regex.swift in Sources */,
				500215E32A57B64900978C20 /* ContactRow.swift in Sources */,
				5069BF6F2999AC24007F4037 /* SpotifyWebView.swift in Sources */,
				50ACE0342A61052700DE0344 /* ChatTypeFilter.swift in Sources */,
				506B34052A5EB4AC002938D3 /* UpgradeToProButton.swift in Sources */,
				50B19568299B4A6D002E7F65 /* SpotifyTracksResponse.swift in Sources */,
				50B19566299B471A002E7F65 /* GroupChatCodable.swift in Sources */,
				50F178A829960B40002AFC1C /* TrackRow.swift in Sources */,
				50C1790E2998AD4C009CD58F /* CreatePlaylistView.swift in Sources */,
				50283F602A5033B900E9121B /* NSImage.swift in Sources */,
				50CFCE2E29896EF6009C3F4A /* AutoSpotoConstants+Dimensions.swift in Sources */,
				50A6922F2A371B6F00E87BA2 /* CancelButton.swift in Sources */,
				503BC2FE29B38DD400743ED5 /* PersonPictureView.swift in Sources */,
				50FB02DD2A34756200D2CEB7 /* AutoSpotoConstants+Limits.swift in Sources */,
				50ACE0412A61366000DE0344 /* SpotifyManager+App.swift in Sources */,
				509B08522A31A82100917AAC /* SpotifyManager.swift in Sources */,
				50F1789E2995F092002AFC1C /* HomeViewModel.swift in Sources */,
				504C2EBA2A25BA9700097F5F /* Configuration.swift in Sources */,
				50ACE0432A6136FA00DE0344 /* DataBaseManager+App.swift in Sources */,
				503BC30129B3A83800743ED5 /* OnboardingButton.swift in Sources */,
				50CFCE302989D896009C3F4A /* AutoSpotoConstants+URL.swift in Sources */,
				50CFCE2929896983009C3F4A /* PermissionsRequestView.swift in Sources */,
				509B08582A31B27500917AAC /* AutoSpotoConstants+KeyChain.swift in Sources */,
				509B08662A31FF1A00917AAC /* AutoSpotoConstants+UserDefaults.swift in Sources */,
				50F34C64297657DB0059516B /* Color.swift in Sources */,
				50FB02E12A34BBDC00D2CEB7 /* PlaylistSummaryView.swift in Sources */,
				506B340A2A5FAD8E002938D3 /* PhoneNumberManager.swift in Sources */,
				5069BF6C2999AB2D007F4037 /* SpotifyLoginView.swift in Sources */,
				504069802A55A9D400414D3D /* ChatSection.swift in Sources */,
				50B20D762A386A7800212CE4 /* SpotifyAccessRequestCell.swift in Sources */,
				505DB2972A4ED7860092E600 /* CheckForUpdatesView.swift in Sources */,
			);
			runOnlyForDeploymentPostprocessing = 0;
		};
		92F554AC2A55E25A006E1CAA /* Sources */ = {
			isa = PBXSourcesBuildPhase;
			buildActionMask = 2147483647;
			files = (
				50526EEE2A5E26A400844274 /* SpotifyTokenManager.swift in Sources */,
				920B21FD2A564AD000904CDD /* NSImage.swift in Sources */,
				92F554D82A55E3CF006E1CAA /* Configuration.swift in Sources */,
				92F554B72A55E39F006E1CAA /* DatabaseManager.swift in Sources */,
				92F554B82A55E39F006E1CAA /* SpotifyManager.swift in Sources */,
				50ACE03B2A6133C700DE0344 /* JSONToken.swift in Sources */,
				92F554BA2A55E39F006E1CAA /* UserDefaultsManager.swift in Sources */,
				92F554BB2A55E39F006E1CAA /* DatabaseManager+ExtractSpotifyTracksWithNoMetadata.swift in Sources */,
				92F554BC2A55E39F006E1CAA /* DiskAccessManager.swift in Sources */,
				92F554BD2A55E39F006E1CAA /* (null) in Sources */,
				92F554BE2A55E39F006E1CAA /* String.swift in Sources */,
				92F554BF2A55E39F006E1CAA /* Array.swift in Sources */,
				92F554C02A55E39F006E1CAA /* AutoSpotoConstants.swift in Sources */,
				92F554C12A55E39F006E1CAA /* AutoSpotoConstants+Strings.swift in Sources */,
				92F554C22A55E39F006E1CAA /* AutoSpotoConstants+Dimensions.swift in Sources */,
				92F554C32A55E39F006E1CAA /* AutoSpotoConstants+URL.swift in Sources */,
				92F554C42A55E39F006E1CAA /* AutoSpotoConstants+Regex.swift in Sources */,
				92F554C52A55E39F006E1CAA /* AutoSpotoConstants+KeyChain.swift in Sources */,
				92F554C62A55E39F006E1CAA /* AutoSpotoConstants+HTTPHeaders.swift in Sources */,
				92F554C72A55E39F006E1CAA /* AutoSpotoConstants+HTTPParameter.swift in Sources */,
				92F554C82A55E39F006E1CAA /* AutoSpotoConstants+HTTPStatus.swift in Sources */,
				92F554C92A55E39F006E1CAA /* AutoSpotoConstants+UserDefaults.swift in Sources */,
				92F554CA2A55E39F006E1CAA /* AutoSpotoConstants+Limits.swift in Sources */,
				92F554CB2A55E39F006E1CAA /* SpotifyToken.swift in Sources */,
				500215E42A57E7BB00978C20 /* ContactRow.swift in Sources */,
				92F554CD2A55E39F006E1CAA /* IndividualChatCodable.swift in Sources */,
				92F554CE2A55E39F006E1CAA /* GroupChatCodable.swift in Sources */,
				92F554CF2A55E39F006E1CAA /* SpotifyTracksResponse.swift in Sources */,
				92F554D02A55E39F006E1CAA /* SpotifyUser.swift in Sources */,
				92F554D12A55E39F006E1CAA /* SpotifyPlaylist.swift in Sources */,
				92F554D32A55E39F006E1CAA /* Track.swift in Sources */,
				92F554D42A55E39F006E1CAA /* ChatType.swift in Sources */,
				92F554D52A55E39F006E1CAA /* FilterChatType.swift in Sources */,
				92F554D62A55E39F006E1CAA /* HTTPMethodType.swift in Sources */,
				92F554D72A55E39F006E1CAA /* AutoSpotoError.swift in Sources */,
				92F554B32A55E25A006E1CAA /* main.swift in Sources */,
			);
			runOnlyForDeploymentPostprocessing = 0;
		};
/* End PBXSourcesBuildPhase section */

/* Begin XCBuildConfiguration section */
		50AA277A28C3FE6A002FFC3F /* Debug */ = {
			isa = XCBuildConfiguration;
			buildSettings = {
				ALWAYS_SEARCH_USER_PATHS = NO;
				CLANG_ANALYZER_NONNULL = YES;
				CLANG_ANALYZER_NUMBER_OBJECT_CONVERSION = YES_AGGRESSIVE;
				CLANG_CXX_LANGUAGE_STANDARD = "gnu++20";
				CLANG_ENABLE_MODULES = YES;
				CLANG_ENABLE_OBJC_ARC = YES;
				CLANG_ENABLE_OBJC_WEAK = YES;
				CLANG_WARN_BLOCK_CAPTURE_AUTORELEASING = YES;
				CLANG_WARN_BOOL_CONVERSION = YES;
				CLANG_WARN_COMMA = YES;
				CLANG_WARN_CONSTANT_CONVERSION = YES;
				CLANG_WARN_DEPRECATED_OBJC_IMPLEMENTATIONS = YES;
				CLANG_WARN_DIRECT_OBJC_ISA_USAGE = YES_ERROR;
				CLANG_WARN_DOCUMENTATION_COMMENTS = YES;
				CLANG_WARN_EMPTY_BODY = YES;
				CLANG_WARN_ENUM_CONVERSION = YES;
				CLANG_WARN_INFINITE_RECURSION = YES;
				CLANG_WARN_INT_CONVERSION = YES;
				CLANG_WARN_NON_LITERAL_NULL_CONVERSION = YES;
				CLANG_WARN_OBJC_IMPLICIT_RETAIN_SELF = YES;
				CLANG_WARN_OBJC_LITERAL_CONVERSION = YES;
				CLANG_WARN_OBJC_ROOT_CLASS = YES_ERROR;
				CLANG_WARN_QUOTED_INCLUDE_IN_FRAMEWORK_HEADER = YES;
				CLANG_WARN_RANGE_LOOP_ANALYSIS = YES;
				CLANG_WARN_STRICT_PROTOTYPES = YES;
				CLANG_WARN_SUSPICIOUS_MOVE = YES;
				CLANG_WARN_UNGUARDED_AVAILABILITY = YES_AGGRESSIVE;
				CLANG_WARN_UNREACHABLE_CODE = YES;
				CLANG_WARN__DUPLICATE_METHOD_MATCH = YES;
				COPY_PHASE_STRIP = NO;
				DEAD_CODE_STRIPPING = YES;
				DEBUG_INFORMATION_FORMAT = dwarf;
				ENABLE_STRICT_OBJC_MSGSEND = YES;
				ENABLE_TESTABILITY = YES;
				GCC_C_LANGUAGE_STANDARD = gnu11;
				GCC_DYNAMIC_NO_PIC = NO;
				GCC_NO_COMMON_BLOCKS = YES;
				GCC_OPTIMIZATION_LEVEL = 0;
				GCC_PREPROCESSOR_DEFINITIONS = (
					"DEBUG=1",
					"$(inherited)",
				);
				GCC_WARN_64_TO_32_BIT_CONVERSION = YES;
				GCC_WARN_ABOUT_RETURN_TYPE = YES_ERROR;
				GCC_WARN_UNDECLARED_SELECTOR = YES;
				GCC_WARN_UNINITIALIZED_AUTOS = YES_AGGRESSIVE;
				GCC_WARN_UNUSED_FUNCTION = YES;
				GCC_WARN_UNUSED_VARIABLE = YES;
				MACOSX_DEPLOYMENT_TARGET = 13.0;
				MTL_ENABLE_DEBUG_INFO = INCLUDE_SOURCE;
				MTL_FAST_MATH = YES;
				ONLY_ACTIVE_ARCH = YES;
				SDKROOT = macosx;
				SWIFT_ACTIVE_COMPILATION_CONDITIONS = DEBUG;
				SWIFT_OPTIMIZATION_LEVEL = "-Onone";
			};
			name = Debug;
		};
		50AA277B28C3FE6A002FFC3F /* Release */ = {
			isa = XCBuildConfiguration;
			buildSettings = {
				ALWAYS_SEARCH_USER_PATHS = NO;
				CLANG_ANALYZER_NONNULL = YES;
				CLANG_ANALYZER_NUMBER_OBJECT_CONVERSION = YES_AGGRESSIVE;
				CLANG_CXX_LANGUAGE_STANDARD = "gnu++20";
				CLANG_ENABLE_MODULES = YES;
				CLANG_ENABLE_OBJC_ARC = YES;
				CLANG_ENABLE_OBJC_WEAK = YES;
				CLANG_WARN_BLOCK_CAPTURE_AUTORELEASING = YES;
				CLANG_WARN_BOOL_CONVERSION = YES;
				CLANG_WARN_COMMA = YES;
				CLANG_WARN_CONSTANT_CONVERSION = YES;
				CLANG_WARN_DEPRECATED_OBJC_IMPLEMENTATIONS = YES;
				CLANG_WARN_DIRECT_OBJC_ISA_USAGE = YES_ERROR;
				CLANG_WARN_DOCUMENTATION_COMMENTS = YES;
				CLANG_WARN_EMPTY_BODY = YES;
				CLANG_WARN_ENUM_CONVERSION = YES;
				CLANG_WARN_INFINITE_RECURSION = YES;
				CLANG_WARN_INT_CONVERSION = YES;
				CLANG_WARN_NON_LITERAL_NULL_CONVERSION = YES;
				CLANG_WARN_OBJC_IMPLICIT_RETAIN_SELF = YES;
				CLANG_WARN_OBJC_LITERAL_CONVERSION = YES;
				CLANG_WARN_OBJC_ROOT_CLASS = YES_ERROR;
				CLANG_WARN_QUOTED_INCLUDE_IN_FRAMEWORK_HEADER = YES;
				CLANG_WARN_RANGE_LOOP_ANALYSIS = YES;
				CLANG_WARN_STRICT_PROTOTYPES = YES;
				CLANG_WARN_SUSPICIOUS_MOVE = YES;
				CLANG_WARN_UNGUARDED_AVAILABILITY = YES_AGGRESSIVE;
				CLANG_WARN_UNREACHABLE_CODE = YES;
				CLANG_WARN__DUPLICATE_METHOD_MATCH = YES;
				COPY_PHASE_STRIP = NO;
				DEAD_CODE_STRIPPING = YES;
				DEBUG_INFORMATION_FORMAT = "dwarf-with-dsym";
				ENABLE_NS_ASSERTIONS = NO;
				ENABLE_STRICT_OBJC_MSGSEND = YES;
				GCC_C_LANGUAGE_STANDARD = gnu11;
				GCC_NO_COMMON_BLOCKS = YES;
				GCC_WARN_64_TO_32_BIT_CONVERSION = YES;
				GCC_WARN_ABOUT_RETURN_TYPE = YES_ERROR;
				GCC_WARN_UNDECLARED_SELECTOR = YES;
				GCC_WARN_UNINITIALIZED_AUTOS = YES_AGGRESSIVE;
				GCC_WARN_UNUSED_FUNCTION = YES;
				GCC_WARN_UNUSED_VARIABLE = YES;
				MACOSX_DEPLOYMENT_TARGET = 13.0;
				MTL_ENABLE_DEBUG_INFO = NO;
				MTL_FAST_MATH = YES;
				SDKROOT = macosx;
				SWIFT_COMPILATION_MODE = wholemodule;
				SWIFT_OPTIMIZATION_LEVEL = "-O";
			};
			name = Release;
		};
		50AA277D28C3FE6A002FFC3F /* Debug */ = {
			isa = XCBuildConfiguration;
			buildSettings = {
				ASSETCATALOG_COMPILER_APPICON_NAME = AppIcon;
				ASSETCATALOG_COMPILER_GLOBAL_ACCENT_COLOR_NAME = AccentColor;
				CODE_SIGN_ENTITLEMENTS = AutoSpoto/AutoSpoto.entitlements;
				CODE_SIGN_IDENTITY = "Apple Development";
				CODE_SIGN_STYLE = Automatic;
				COMBINE_HIDPI_IMAGES = YES;
				CURRENT_PROJECT_VERSION = 1;
				DEAD_CODE_STRIPPING = YES;
				DEBUG_INFORMATION_FORMAT = "dwarf-with-dsym";
				DEVELOPMENT_ASSET_PATHS = "";
				DEVELOPMENT_TEAM = TODO_UPDATE_TEAM_ID;
				ENABLE_HARDENED_RUNTIME = YES;
				ENABLE_PREVIEWS = YES;
				GENERATE_INFOPLIST_FILE = YES;
				INFOPLIST_FILE = AutoSpoto/Info.plist;
				INFOPLIST_KEY_CFBundleDisplayName = AutoSpoto;
				INFOPLIST_KEY_LSApplicationCategoryType = "public.app-category.utilities";
				INFOPLIST_KEY_NSContactsUsageDescription = "AutoSpoto uses your contacts to display the names of your iMessage chats.";
				INFOPLIST_KEY_NSHumanReadableCopyright = "";
				LD_RUNPATH_SEARCH_PATHS = (
					"$(inherited)",
					"@executable_path/../Frameworks",
				);
				MARKETING_VERSION = 0.9;
				PRODUCT_BUNDLE_IDENTIFIER = com.autospoto.app;
				PRODUCT_NAME = "$(TARGET_NAME)";
				PROVISIONING_PROFILE_SPECIFIER = "";
				SWIFT_EMIT_LOC_STRINGS = YES;
				SWIFT_VERSION = 5.0;
			};
			name = Debug;
		};
		50AA277E28C3FE6A002FFC3F /* Release */ = {
			isa = XCBuildConfiguration;
			buildSettings = {
				ASSETCATALOG_COMPILER_APPICON_NAME = AppIcon;
				ASSETCATALOG_COMPILER_GLOBAL_ACCENT_COLOR_NAME = AccentColor;
				CODE_SIGN_ENTITLEMENTS = AutoSpoto/AutoSpoto.entitlements;
				CODE_SIGN_IDENTITY = "Apple Development";
				CODE_SIGN_STYLE = Automatic;
				COMBINE_HIDPI_IMAGES = YES;
				CURRENT_PROJECT_VERSION = 1;
				DEAD_CODE_STRIPPING = YES;
				DEVELOPMENT_ASSET_PATHS = "";
				DEVELOPMENT_TEAM = TODO_UPDATE_TEAM_ID;
				ENABLE_HARDENED_RUNTIME = YES;
				ENABLE_PREVIEWS = YES;
				GENERATE_INFOPLIST_FILE = YES;
				INFOPLIST_FILE = AutoSpoto/Info.plist;
				INFOPLIST_KEY_CFBundleDisplayName = AutoSpoto;
				INFOPLIST_KEY_LSApplicationCategoryType = "public.app-category.utilities";
				INFOPLIST_KEY_NSContactsUsageDescription = "AutoSpoto uses your contacts to display the names of your iMessage chats.";
				INFOPLIST_KEY_NSHumanReadableCopyright = "";
				LD_RUNPATH_SEARCH_PATHS = (
					"$(inherited)",
					"@executable_path/../Frameworks",
				);
				MARKETING_VERSION = 0.9;
				PRODUCT_BUNDLE_IDENTIFIER = com.autospoto.app;
				PRODUCT_NAME = "$(TARGET_NAME)";
				PROVISIONING_PROFILE_SPECIFIER = "";
				SWIFT_EMIT_LOC_STRINGS = YES;
				SWIFT_VERSION = 5.0;
			};
			name = Release;
		};
		92F554B52A55E25A006E1CAA /* Debug */ = {
			isa = XCBuildConfiguration;
			buildSettings = {
				CODE_SIGN_ENTITLEMENTS = "AutoSpoto-PlaylistUpdater/AutoSpoto-PlaylistUpdater.entitlements";
				CODE_SIGN_IDENTITY = "Apple Development";
				"CODE_SIGN_IDENTITY[sdk=macosx*]" = "Apple Development";
				CODE_SIGN_INJECT_BASE_ENTITLEMENTS = YES;
				CODE_SIGN_STYLE = Automatic;
				DEVELOPMENT_TEAM = TODO_UPDATE_TEAM_ID;
				ENABLE_HARDENED_RUNTIME = YES;
				PRODUCT_BUNDLE_IDENTIFIER = com.autospoto.app.playlistupdater;
				PRODUCT_NAME = "$(TARGET_NAME)";
				PROVISIONING_PROFILE_SPECIFIER = "";
				SWIFT_VERSION = 5.0;
			};
			name = Debug;
		};
		92F554B62A55E25A006E1CAA /* Release */ = {
			isa = XCBuildConfiguration;
			buildSettings = {
				CODE_SIGN_ENTITLEMENTS = "AutoSpoto-PlaylistUpdater/AutoSpoto-PlaylistUpdater.entitlements";
				CODE_SIGN_IDENTITY = "Apple Development";
				"CODE_SIGN_IDENTITY[sdk=macosx*]" = "Apple Development";
				CODE_SIGN_INJECT_BASE_ENTITLEMENTS = YES;
				CODE_SIGN_STYLE = Automatic;
				DEVELOPMENT_TEAM = TODO_UPDATE_TEAM_ID;
				ENABLE_HARDENED_RUNTIME = YES;
				PRODUCT_BUNDLE_IDENTIFIER = com.autospoto.app.playlistupdater;
				PRODUCT_NAME = "$(TARGET_NAME)";
				PROVISIONING_PROFILE_SPECIFIER = "";
				SWIFT_VERSION = 5.0;
			};
			name = Release;
		};
/* End XCBuildConfiguration section */

/* Begin XCConfigurationList section */
		50AA276828C3FE69002FFC3F /* Build configuration list for PBXProject "AutoSpoto" */ = {
			isa = XCConfigurationList;
			buildConfigurations = (
				50AA277A28C3FE6A002FFC3F /* Debug */,
				50AA277B28C3FE6A002FFC3F /* Release */,
			);
			defaultConfigurationIsVisible = 0;
			defaultConfigurationName = Release;
		};
		50AA277C28C3FE6A002FFC3F /* Build configuration list for PBXNativeTarget "AutoSpoto" */ = {
			isa = XCConfigurationList;
			buildConfigurations = (
				50AA277D28C3FE6A002FFC3F /* Debug */,
				50AA277E28C3FE6A002FFC3F /* Release */,
			);
			defaultConfigurationIsVisible = 0;
			defaultConfigurationName = Release;
		};
		92F554B42A55E25A006E1CAA /* Build configuration list for PBXNativeTarget "AutoSpoto-PlaylistUpdater" */ = {
			isa = XCConfigurationList;
			buildConfigurations = (
				92F554B52A55E25A006E1CAA /* Debug */,
				92F554B62A55E25A006E1CAA /* Release */,
			);
			defaultConfigurationIsVisible = 0;
			defaultConfigurationName = Release;
		};
/* End XCConfigurationList section */

/* Begin XCRemoteSwiftPackageReference section */
		5038FFD92A67B61E000AF367 /* XCRemoteSwiftPackageReference "LaunchAgent" */ = {
			isa = XCRemoteSwiftPackageReference;
			repositoryURL = "https://github.com/emorydunn/LaunchAgent";
			requirement = {
				kind = upToNextMajorVersion;
				minimumVersion = 0.3.0;
			};
		};
		504C2EBB2A25BC9500097F5F /* XCRemoteSwiftPackageReference "SQLite" */ = {
			isa = XCRemoteSwiftPackageReference;
			repositoryURL = "https://github.com/stephencelis/SQLite.swift";
			requirement = {
				kind = upToNextMajorVersion;
				minimumVersion = 0.14.1;
			};
		};
		505DB2912A4ED6FF0092E600 /* XCRemoteSwiftPackageReference "Sparkle" */ = {
			isa = XCRemoteSwiftPackageReference;
			repositoryURL = "https://github.com/sparkle-project/Sparkle";
			requirement = {
				kind = upToNextMajorVersion;
				minimumVersion = 2.0.0;
			};
		};
		5069BF6429994BDF007F4037 /* XCRemoteSwiftPackageReference "Kingfisher" */ = {
			isa = XCRemoteSwiftPackageReference;
			repositoryURL = "https://github.com/onevcat/Kingfisher";
			requirement = {
				kind = exactVersion;
				version = 7.6.2;
			};
		};
		506B34062A5FAD47002938D3 /* XCRemoteSwiftPackageReference "PhoneNumberKit" */ = {
			isa = XCRemoteSwiftPackageReference;
			repositoryURL = "https://github.com/marmelroy/PhoneNumberKit";
			requirement = {
				kind = upToNextMajorVersion;
				minimumVersion = 3.0.0;
			};
		};
		50AC59912A468D6100E473CF /* XCRemoteSwiftPackageReference "firebase-ios-sdk" */ = {
			isa = XCRemoteSwiftPackageReference;
			repositoryURL = "https://github.com/firebase/firebase-ios-sdk.git";
			requirement = {
				kind = upToNextMajorVersion;
				minimumVersion = 10.0.0;
			};
		};
		50F178A42995FA0F002AFC1C /* XCRemoteSwiftPackageReference "SwiftUI-Introspect" */ = {
			isa = XCRemoteSwiftPackageReference;
			repositoryURL = "https://github.com/siteline/SwiftUI-Introspect";
			requirement = {
				branch = master;
				kind = branch;
			};
		};
/* End XCRemoteSwiftPackageReference section */

/* Begin XCSwiftPackageProductDependency section */
		504C2EBC2A25BC9500097F5F /* SQLite */ = {
			isa = XCSwiftPackageProductDependency;
			package = 504C2EBB2A25BC9500097F5F /* XCRemoteSwiftPackageReference "SQLite" */;
			productName = SQLite;
		};
		505DB2922A4ED6FF0092E600 /* Sparkle */ = {
			isa = XCSwiftPackageProductDependency;
			package = 505DB2912A4ED6FF0092E600 /* XCRemoteSwiftPackageReference "Sparkle" */;
			productName = Sparkle;
		};
		5069BF6529994BDF007F4037 /* Kingfisher */ = {
			isa = XCSwiftPackageProductDependency;
			package = 5069BF6429994BDF007F4037 /* XCRemoteSwiftPackageReference "Kingfisher" */;
			productName = Kingfisher;
		};
		506B34072A5FAD47002938D3 /* PhoneNumberKit */ = {
			isa = XCSwiftPackageProductDependency;
			package = 506B34062A5FAD47002938D3 /* XCRemoteSwiftPackageReference "PhoneNumberKit" */;
			productName = PhoneNumberKit;
		};
		50AC59922A468D6100E473CF /* FirebaseAnalytics */ = {
			isa = XCSwiftPackageProductDependency;
			package = 50AC59912A468D6100E473CF /* XCRemoteSwiftPackageReference "firebase-ios-sdk" */;
			productName = FirebaseAnalytics;
		};
		50AC59942A468D6100E473CF /* FirebaseCrashlytics */ = {
			isa = XCSwiftPackageProductDependency;
			package = 50AC59912A468D6100E473CF /* XCRemoteSwiftPackageReference "firebase-ios-sdk" */;
			productName = FirebaseCrashlytics;
		};
		50F178A52995FA0F002AFC1C /* Introspect */ = {
			isa = XCSwiftPackageProductDependency;
			package = 50F178A42995FA0F002AFC1C /* XCRemoteSwiftPackageReference "SwiftUI-Introspect" */;
			productName = Introspect;
		};
		92F554D92A55E3DB006E1CAA /* SQLite */ = {
			isa = XCSwiftPackageProductDependency;
			package = 504C2EBB2A25BC9500097F5F /* XCRemoteSwiftPackageReference "SQLite" */;
			productName = SQLite;
		};
/* End XCSwiftPackageProductDependency section */
	};
	rootObject = 50AA276528C3FE69002FFC3F /* Project object */;
}
